// !$*UTF8*$!
{
	archiveVersion = 1;
	classes = {
	};
	objectVersion = 52;
	objects = {

/* Begin PBXBuildFile section */
		01D934662404614F0028C2AF /* CameraPicker.swift in Sources */ = {isa = PBXBuildFile; fileRef = 01D934652404614F0028C2AF /* CameraPicker.swift */; };
		01D93468240461800028C2AF /* CaptureCameraView.swift in Sources */ = {isa = PBXBuildFile; fileRef = 01D93467240461800028C2AF /* CaptureCameraView.swift */; };
		01D9346A240461990028C2AF /* ImagePicker.swift in Sources */ = {isa = PBXBuildFile; fileRef = 01D93469240461990028C2AF /* ImagePicker.swift */; };
		01D9346C240461B20028C2AF /* PhotoCaptureView.swift in Sources */ = {isa = PBXBuildFile; fileRef = 01D9346B240461B20028C2AF /* PhotoCaptureView.swift */; };
		01D9346E240461C80028C2AF /* UpdateMediaView.swift in Sources */ = {isa = PBXBuildFile; fileRef = 01D9346D240461C80028C2AF /* UpdateMediaView.swift */; };
		01D93471240468EA0028C2AF /* SDWebImageSwiftUI in Frameworks */ = {isa = PBXBuildFile; productRef = 01D93470240468EA0028C2AF /* SDWebImageSwiftUI */; };
		1D398E868CAF81EEF57FDD4E /* Pods_CoffeeAnyone.framework in Frameworks */ = {isa = PBXBuildFile; fileRef = B50F0B12AF0DC36D9E8A25DE /* Pods_CoffeeAnyone.framework */; };
		5953DD0E23F6FB8A00C25E73 /* MatchesView.swift in Sources */ = {isa = PBXBuildFile; fileRef = 5953DD0D23F6FB8A00C25E73 /* MatchesView.swift */; };
		59C424B523F8AA920085F2EA /* GoogleService-Info.plist in Resources */ = {isa = PBXBuildFile; fileRef = 59C424B423F8AA920085F2EA /* GoogleService-Info.plist */; };
		59C424B623F8AA920085F2EA /* GoogleService-Info.plist in Resources */ = {isa = PBXBuildFile; fileRef = 59C424B423F8AA920085F2EA /* GoogleService-Info.plist */; };
		59C424B723F8AA920085F2EA /* GoogleService-Info.plist in Resources */ = {isa = PBXBuildFile; fileRef = 59C424B423F8AA920085F2EA /* GoogleService-Info.plist */; };
		59D95A1423F1120800585B9F /* ChatModels.swift in Sources */ = {isa = PBXBuildFile; fileRef = 59D95A1123F1120800585B9F /* ChatModels.swift */; };
		59D95A1523F1120800585B9F /* ChatController.swift in Sources */ = {isa = PBXBuildFile; fileRef = 59D95A1223F1120800585B9F /* ChatController.swift */; };
		59D95A1A23F1124A00585B9F /* 000002.jpg in Resources */ = {isa = PBXBuildFile; fileRef = 59D95A1723F1124900585B9F /* 000002.jpg */; };
		59D95A1B23F1124A00585B9F /* coffeecupheart.jpeg in Resources */ = {isa = PBXBuildFile; fileRef = 59D95A1823F1124900585B9F /* coffeecupheart.jpeg */; };
		59D95A1C23F1124A00585B9F /* coffeecup.png in Resources */ = {isa = PBXBuildFile; fileRef = 59D95A1923F1124A00585B9F /* coffeecup.png */; };
		59D95A2023F119EC00585B9F /* ChatView.swift in Sources */ = {isa = PBXBuildFile; fileRef = 59D95A1F23F119EC00585B9F /* ChatView.swift */; };
		B7FBF8AB409C4B46B0FEDF68 /* Pods_CoffeeAnyoneTests.framework in Frameworks */ = {isa = PBXBuildFile; fileRef = FE6E74D5B9CBFA1E69A4BA88 /* Pods_CoffeeAnyoneTests.framework */; };
		C9806D7D08DCABAB8B770D2F /* Pods_CoffeeAnyone_CoffeeAnyoneUITests.framework in Frameworks */ = {isa = PBXBuildFile; fileRef = 02487DD3FC4FD8E167B4F10A /* Pods_CoffeeAnyone_CoffeeAnyoneUITests.framework */; };
		DA61DBCC23EEF2170059669B /* FieldView.swift in Sources */ = {isa = PBXBuildFile; fileRef = DA61DBCB23EEF2170059669B /* FieldView.swift */; };
		DAF14D8E23E9F29900CDCD05 /* AppDelegate.swift in Sources */ = {isa = PBXBuildFile; fileRef = DAF14D8D23E9F29900CDCD05 /* AppDelegate.swift */; };
		DAF14D9023E9F29900CDCD05 /* SceneDelegate.swift in Sources */ = {isa = PBXBuildFile; fileRef = DAF14D8F23E9F29900CDCD05 /* SceneDelegate.swift */; };
		DAF14D9223E9F29900CDCD05 /* ContentView.swift in Sources */ = {isa = PBXBuildFile; fileRef = DAF14D9123E9F29900CDCD05 /* ContentView.swift */; };
		DAF14D9423E9F29A00CDCD05 /* Assets.xcassets in Resources */ = {isa = PBXBuildFile; fileRef = DAF14D9323E9F29A00CDCD05 /* Assets.xcassets */; };
		DAF14D9723E9F29A00CDCD05 /* Preview Assets.xcassets in Resources */ = {isa = PBXBuildFile; fileRef = DAF14D9623E9F29A00CDCD05 /* Preview Assets.xcassets */; };
		DAF14D9A23E9F29A00CDCD05 /* LaunchScreen.storyboard in Resources */ = {isa = PBXBuildFile; fileRef = DAF14D9823E9F29A00CDCD05 /* LaunchScreen.storyboard */; };
		DAF14DA523E9F29A00CDCD05 /* CoffeeAnyoneTests.swift in Sources */ = {isa = PBXBuildFile; fileRef = DAF14DA423E9F29A00CDCD05 /* CoffeeAnyoneTests.swift */; };
		DAF14DB023E9F29A00CDCD05 /* CoffeeAnyoneUITests.swift in Sources */ = {isa = PBXBuildFile; fileRef = DAF14DAF23E9F29A00CDCD05 /* CoffeeAnyoneUITests.swift */; };
		DAF14DC123E9F3D700CDCD05 /* TabView.swift in Sources */ = {isa = PBXBuildFile; fileRef = DAF14DC023E9F3D700CDCD05 /* TabView.swift */; };
		DAF14DC423E9F44E00CDCD05 /* TabBarViewController.swift in Sources */ = {isa = PBXBuildFile; fileRef = DAF14DC223E9F44E00CDCD05 /* TabBarViewController.swift */; };
		DAF14DC523E9F44E00CDCD05 /* tabItems.swift in Sources */ = {isa = PBXBuildFile; fileRef = DAF14DC323E9F44E00CDCD05 /* tabItems.swift */; };
		DAF14DCA23E9F53B00CDCD05 /* HomeView.swift in Sources */ = {isa = PBXBuildFile; fileRef = DAF14DC623E9F53B00CDCD05 /* HomeView.swift */; };
		DAF14DCD23E9F53B00CDCD05 /* ProfileView.swift in Sources */ = {isa = PBXBuildFile; fileRef = DAF14DC923E9F53B00CDCD05 /* ProfileView.swift */; };
		DAF14DD423EA2D1D00CDCD05 /* Http.swift in Sources */ = {isa = PBXBuildFile; fileRef = DAF14DD123EA2D1D00CDCD05 /* Http.swift */; };
		DAF14DD523EA2D1D00CDCD05 /* Profile.swift in Sources */ = {isa = PBXBuildFile; fileRef = DAF14DD223EA2D1D00CDCD05 /* Profile.swift */; };
		DAF14DDA23EA30AB00CDCD05 /* Age.swift in Sources */ = {isa = PBXBuildFile; fileRef = DAF14DD923EA30AB00CDCD05 /* Age.swift */; };
		DAF14DDC23EA30B100CDCD05 /* BodyType.swift in Sources */ = {isa = PBXBuildFile; fileRef = DAF14DDB23EA30B100CDCD05 /* BodyType.swift */; };
		DAF14DDE23EA30B500CDCD05 /* Education.swift in Sources */ = {isa = PBXBuildFile; fileRef = DAF14DDD23EA30B500CDCD05 /* Education.swift */; };
		DAF14DE023EA30B800CDCD05 /* Gender.swift in Sources */ = {isa = PBXBuildFile; fileRef = DAF14DDF23EA30B800CDCD05 /* Gender.swift */; };
		DAF14DE223EA30BB00CDCD05 /* Jobs.swift in Sources */ = {isa = PBXBuildFile; fileRef = DAF14DE123EA30BB00CDCD05 /* Jobs.swift */; };
		DAF14DE423EA30C000CDCD05 /* Status.swift in Sources */ = {isa = PBXBuildFile; fileRef = DAF14DE323EA30C000CDCD05 /* Status.swift */; };
		DAF14DE623EA30C200CDCD05 /* Hobbies.swift in Sources */ = {isa = PBXBuildFile; fileRef = DAF14DE523EA30C200CDCD05 /* Hobbies.swift */; };
		DAF14DEC23EA3E4200CDCD05 /* SegmentedViewController.swift in Sources */ = {isa = PBXBuildFile; fileRef = DAF14DEB23EA3E4200CDCD05 /* SegmentedViewController.swift */; };
		DAF14DEE23EA3E5800CDCD05 /* SegmentView.swift in Sources */ = {isa = PBXBuildFile; fileRef = DAF14DED23EA3E5800CDCD05 /* SegmentView.swift */; };
		DAF14DF123EA478C00CDCD05 /* PreferencesView.swift in Sources */ = {isa = PBXBuildFile; fileRef = DAF14DF023EA478C00CDCD05 /* PreferencesView.swift */; };
		DAF14DF323EA47F600CDCD05 /* QuizResultsView.swift in Sources */ = {isa = PBXBuildFile; fileRef = DAF14DF223EA47F600CDCD05 /* QuizResultsView.swift */; };
		DAF14DF523EA49B800CDCD05 /* CircleImage.swift in Sources */ = {isa = PBXBuildFile; fileRef = DAF14DF423EA49B800CDCD05 /* CircleImage.swift */; };
		DAF14DFB23EA546300CDCD05 /* ProfileHeaderView.swift in Sources */ = {isa = PBXBuildFile; fileRef = DAF14DFA23EA546300CDCD05 /* ProfileHeaderView.swift */; };
		DAF14DFD23EB363700CDCD05 /* ProfileInfoView.swift in Sources */ = {isa = PBXBuildFile; fileRef = DAF14DFC23EB363700CDCD05 /* ProfileInfoView.swift */; };
/* End PBXBuildFile section */

/* Begin PBXContainerItemProxy section */
		DAF14DA123E9F29A00CDCD05 /* PBXContainerItemProxy */ = {
			isa = PBXContainerItemProxy;
			containerPortal = DAF14D8223E9F29900CDCD05 /* Project object */;
			proxyType = 1;
			remoteGlobalIDString = DAF14D8923E9F29900CDCD05;
			remoteInfo = CoffeeAnyone;
		};
		DAF14DAC23E9F29A00CDCD05 /* PBXContainerItemProxy */ = {
			isa = PBXContainerItemProxy;
			containerPortal = DAF14D8223E9F29900CDCD05 /* Project object */;
			proxyType = 1;
			remoteGlobalIDString = DAF14D8923E9F29900CDCD05;
			remoteInfo = CoffeeAnyone;
		};
/* End PBXContainerItemProxy section */

/* Begin PBXFileReference section */
		01D934652404614F0028C2AF /* CameraPicker.swift */ = {isa = PBXFileReference; lastKnownFileType = sourcecode.swift; path = CameraPicker.swift; sourceTree = "<group>"; };
		01D93467240461800028C2AF /* CaptureCameraView.swift */ = {isa = PBXFileReference; lastKnownFileType = sourcecode.swift; path = CaptureCameraView.swift; sourceTree = "<group>"; };
		01D93469240461990028C2AF /* ImagePicker.swift */ = {isa = PBXFileReference; lastKnownFileType = sourcecode.swift; path = ImagePicker.swift; sourceTree = "<group>"; };
		01D9346B240461B20028C2AF /* PhotoCaptureView.swift */ = {isa = PBXFileReference; lastKnownFileType = sourcecode.swift; path = PhotoCaptureView.swift; sourceTree = "<group>"; };
		01D9346D240461C80028C2AF /* UpdateMediaView.swift */ = {isa = PBXFileReference; lastKnownFileType = sourcecode.swift; path = UpdateMediaView.swift; sourceTree = "<group>"; };
		02487DD3FC4FD8E167B4F10A /* Pods_CoffeeAnyone_CoffeeAnyoneUITests.framework */ = {isa = PBXFileReference; explicitFileType = wrapper.framework; includeInIndex = 0; path = Pods_CoffeeAnyone_CoffeeAnyoneUITests.framework; sourceTree = BUILT_PRODUCTS_DIR; };
		17A75E4FCD8DC25EBABC47DD /* Pods-CoffeeAnyone.debug.xcconfig */ = {isa = PBXFileReference; includeInIndex = 1; lastKnownFileType = text.xcconfig; name = "Pods-CoffeeAnyone.debug.xcconfig"; path = "Target Support Files/Pods-CoffeeAnyone/Pods-CoffeeAnyone.debug.xcconfig"; sourceTree = "<group>"; };
		5953DD0D23F6FB8A00C25E73 /* MatchesView.swift */ = {isa = PBXFileReference; lastKnownFileType = sourcecode.swift; path = MatchesView.swift; sourceTree = "<group>"; };
		59C424B423F8AA920085F2EA /* GoogleService-Info.plist */ = {isa = PBXFileReference; fileEncoding = 4; lastKnownFileType = text.plist.xml; path = "GoogleService-Info.plist"; sourceTree = "<group>"; };
		59D95A1123F1120800585B9F /* ChatModels.swift */ = {isa = PBXFileReference; fileEncoding = 4; lastKnownFileType = sourcecode.swift; path = ChatModels.swift; sourceTree = "<group>"; };
		59D95A1223F1120800585B9F /* ChatController.swift */ = {isa = PBXFileReference; fileEncoding = 4; lastKnownFileType = sourcecode.swift; path = ChatController.swift; sourceTree = "<group>"; };
		59D95A1723F1124900585B9F /* 000002.jpg */ = {isa = PBXFileReference; lastKnownFileType = image.jpeg; path = 000002.jpg; sourceTree = "<group>"; };
		59D95A1823F1124900585B9F /* coffeecupheart.jpeg */ = {isa = PBXFileReference; lastKnownFileType = image.jpeg; path = coffeecupheart.jpeg; sourceTree = "<group>"; };
		59D95A1923F1124A00585B9F /* coffeecup.png */ = {isa = PBXFileReference; lastKnownFileType = image.png; path = coffeecup.png; sourceTree = "<group>"; };
		59D95A1F23F119EC00585B9F /* ChatView.swift */ = {isa = PBXFileReference; lastKnownFileType = sourcecode.swift; path = ChatView.swift; sourceTree = "<group>"; };
		5D0B79FF276630F584D866BB /* Pods-CoffeeAnyone.release.xcconfig */ = {isa = PBXFileReference; includeInIndex = 1; lastKnownFileType = text.xcconfig; name = "Pods-CoffeeAnyone.release.xcconfig"; path = "Target Support Files/Pods-CoffeeAnyone/Pods-CoffeeAnyone.release.xcconfig"; sourceTree = "<group>"; };
		5FFF45BDFD34FEA5CD0DD6E1 /* Pods-CoffeeAnyone-CoffeeAnyoneUITests.release.xcconfig */ = {isa = PBXFileReference; includeInIndex = 1; lastKnownFileType = text.xcconfig; name = "Pods-CoffeeAnyone-CoffeeAnyoneUITests.release.xcconfig"; path = "Target Support Files/Pods-CoffeeAnyone-CoffeeAnyoneUITests/Pods-CoffeeAnyone-CoffeeAnyoneUITests.release.xcconfig"; sourceTree = "<group>"; };
		84CAB23A93890D12828E6809 /* Pods-CoffeeAnyoneTests.debug.xcconfig */ = {isa = PBXFileReference; includeInIndex = 1; lastKnownFileType = text.xcconfig; name = "Pods-CoffeeAnyoneTests.debug.xcconfig"; path = "Target Support Files/Pods-CoffeeAnyoneTests/Pods-CoffeeAnyoneTests.debug.xcconfig"; sourceTree = "<group>"; };
		A8257D10ABBD592AB3922A1D /* Pods-CoffeeAnyoneTests.release.xcconfig */ = {isa = PBXFileReference; includeInIndex = 1; lastKnownFileType = text.xcconfig; name = "Pods-CoffeeAnyoneTests.release.xcconfig"; path = "Target Support Files/Pods-CoffeeAnyoneTests/Pods-CoffeeAnyoneTests.release.xcconfig"; sourceTree = "<group>"; };
		B50F0B12AF0DC36D9E8A25DE /* Pods_CoffeeAnyone.framework */ = {isa = PBXFileReference; explicitFileType = wrapper.framework; includeInIndex = 0; path = Pods_CoffeeAnyone.framework; sourceTree = BUILT_PRODUCTS_DIR; };
		DA3A14B72406D50F005A8EB9 /* CoffeeAnyone.entitlements */ = {isa = PBXFileReference; lastKnownFileType = text.plist.entitlements; path = CoffeeAnyone.entitlements; sourceTree = "<group>"; };
		DA61DBCB23EEF2170059669B /* FieldView.swift */ = {isa = PBXFileReference; lastKnownFileType = sourcecode.swift; path = FieldView.swift; sourceTree = "<group>"; };
		DAF14D8A23E9F29900CDCD05 /* CoffeeAnyone.app */ = {isa = PBXFileReference; explicitFileType = wrapper.application; includeInIndex = 0; path = CoffeeAnyone.app; sourceTree = BUILT_PRODUCTS_DIR; };
		DAF14D8D23E9F29900CDCD05 /* AppDelegate.swift */ = {isa = PBXFileReference; lastKnownFileType = sourcecode.swift; path = AppDelegate.swift; sourceTree = "<group>"; };
		DAF14D8F23E9F29900CDCD05 /* SceneDelegate.swift */ = {isa = PBXFileReference; lastKnownFileType = sourcecode.swift; path = SceneDelegate.swift; sourceTree = "<group>"; };
		DAF14D9123E9F29900CDCD05 /* ContentView.swift */ = {isa = PBXFileReference; lastKnownFileType = sourcecode.swift; path = ContentView.swift; sourceTree = "<group>"; };
		DAF14D9323E9F29A00CDCD05 /* Assets.xcassets */ = {isa = PBXFileReference; lastKnownFileType = folder.assetcatalog; path = Assets.xcassets; sourceTree = "<group>"; };
		DAF14D9623E9F29A00CDCD05 /* Preview Assets.xcassets */ = {isa = PBXFileReference; lastKnownFileType = folder.assetcatalog; path = "Preview Assets.xcassets"; sourceTree = "<group>"; };
		DAF14D9923E9F29A00CDCD05 /* Base */ = {isa = PBXFileReference; lastKnownFileType = file.storyboard; name = Base; path = Base.lproj/LaunchScreen.storyboard; sourceTree = "<group>"; };
		DAF14D9B23E9F29A00CDCD05 /* Info.plist */ = {isa = PBXFileReference; lastKnownFileType = text.plist.xml; path = Info.plist; sourceTree = "<group>"; };
		DAF14DA023E9F29A00CDCD05 /* CoffeeAnyoneTests.xctest */ = {isa = PBXFileReference; explicitFileType = wrapper.cfbundle; includeInIndex = 0; path = CoffeeAnyoneTests.xctest; sourceTree = BUILT_PRODUCTS_DIR; };
		DAF14DA423E9F29A00CDCD05 /* CoffeeAnyoneTests.swift */ = {isa = PBXFileReference; lastKnownFileType = sourcecode.swift; path = CoffeeAnyoneTests.swift; sourceTree = "<group>"; };
		DAF14DA623E9F29A00CDCD05 /* Info.plist */ = {isa = PBXFileReference; lastKnownFileType = text.plist.xml; path = Info.plist; sourceTree = "<group>"; };
		DAF14DAB23E9F29A00CDCD05 /* CoffeeAnyoneUITests.xctest */ = {isa = PBXFileReference; explicitFileType = wrapper.cfbundle; includeInIndex = 0; path = CoffeeAnyoneUITests.xctest; sourceTree = BUILT_PRODUCTS_DIR; };
		DAF14DAF23E9F29A00CDCD05 /* CoffeeAnyoneUITests.swift */ = {isa = PBXFileReference; lastKnownFileType = sourcecode.swift; path = CoffeeAnyoneUITests.swift; sourceTree = "<group>"; };
		DAF14DB123E9F29A00CDCD05 /* Info.plist */ = {isa = PBXFileReference; lastKnownFileType = text.plist.xml; path = Info.plist; sourceTree = "<group>"; };
		DAF14DC023E9F3D700CDCD05 /* TabView.swift */ = {isa = PBXFileReference; lastKnownFileType = sourcecode.swift; path = TabView.swift; sourceTree = "<group>"; };
		DAF14DC223E9F44E00CDCD05 /* TabBarViewController.swift */ = {isa = PBXFileReference; fileEncoding = 4; lastKnownFileType = sourcecode.swift; path = TabBarViewController.swift; sourceTree = "<group>"; };
		DAF14DC323E9F44E00CDCD05 /* tabItems.swift */ = {isa = PBXFileReference; fileEncoding = 4; lastKnownFileType = sourcecode.swift; path = tabItems.swift; sourceTree = "<group>"; };
		DAF14DC623E9F53B00CDCD05 /* HomeView.swift */ = {isa = PBXFileReference; fileEncoding = 4; lastKnownFileType = sourcecode.swift; path = HomeView.swift; sourceTree = "<group>"; };
		DAF14DC923E9F53B00CDCD05 /* ProfileView.swift */ = {isa = PBXFileReference; fileEncoding = 4; lastKnownFileType = sourcecode.swift; path = ProfileView.swift; sourceTree = "<group>"; };
		DAF14DD123EA2D1D00CDCD05 /* Http.swift */ = {isa = PBXFileReference; fileEncoding = 4; lastKnownFileType = sourcecode.swift; path = Http.swift; sourceTree = "<group>"; };
		DAF14DD223EA2D1D00CDCD05 /* Profile.swift */ = {isa = PBXFileReference; fileEncoding = 4; lastKnownFileType = sourcecode.swift; path = Profile.swift; sourceTree = "<group>"; };
		DAF14DD923EA30AB00CDCD05 /* Age.swift */ = {isa = PBXFileReference; fileEncoding = 4; lastKnownFileType = sourcecode.swift; path = Age.swift; sourceTree = "<group>"; };
		DAF14DDB23EA30B100CDCD05 /* BodyType.swift */ = {isa = PBXFileReference; lastKnownFileType = sourcecode.swift; path = BodyType.swift; sourceTree = "<group>"; };
		DAF14DDD23EA30B500CDCD05 /* Education.swift */ = {isa = PBXFileReference; lastKnownFileType = sourcecode.swift; path = Education.swift; sourceTree = "<group>"; };
		DAF14DDF23EA30B800CDCD05 /* Gender.swift */ = {isa = PBXFileReference; lastKnownFileType = sourcecode.swift; path = Gender.swift; sourceTree = "<group>"; };
		DAF14DE123EA30BB00CDCD05 /* Jobs.swift */ = {isa = PBXFileReference; lastKnownFileType = sourcecode.swift; path = Jobs.swift; sourceTree = "<group>"; };
		DAF14DE323EA30C000CDCD05 /* Status.swift */ = {isa = PBXFileReference; lastKnownFileType = sourcecode.swift; path = Status.swift; sourceTree = "<group>"; };
		DAF14DE523EA30C200CDCD05 /* Hobbies.swift */ = {isa = PBXFileReference; lastKnownFileType = sourcecode.swift; path = Hobbies.swift; sourceTree = "<group>"; };
		DAF14DEB23EA3E4200CDCD05 /* SegmentedViewController.swift */ = {isa = PBXFileReference; fileEncoding = 4; lastKnownFileType = sourcecode.swift; path = SegmentedViewController.swift; sourceTree = "<group>"; };
		DAF14DED23EA3E5800CDCD05 /* SegmentView.swift */ = {isa = PBXFileReference; fileEncoding = 4; lastKnownFileType = sourcecode.swift; path = SegmentView.swift; sourceTree = "<group>"; };
		DAF14DF023EA478C00CDCD05 /* PreferencesView.swift */ = {isa = PBXFileReference; lastKnownFileType = sourcecode.swift; path = PreferencesView.swift; sourceTree = "<group>"; };
		DAF14DF223EA47F600CDCD05 /* QuizResultsView.swift */ = {isa = PBXFileReference; lastKnownFileType = sourcecode.swift; path = QuizResultsView.swift; sourceTree = "<group>"; };
		DAF14DF423EA49B800CDCD05 /* CircleImage.swift */ = {isa = PBXFileReference; fileEncoding = 4; lastKnownFileType = sourcecode.swift; path = CircleImage.swift; sourceTree = "<group>"; };
		DAF14DFA23EA546300CDCD05 /* ProfileHeaderView.swift */ = {isa = PBXFileReference; lastKnownFileType = sourcecode.swift; path = ProfileHeaderView.swift; sourceTree = "<group>"; };
		DAF14DFC23EB363700CDCD05 /* ProfileInfoView.swift */ = {isa = PBXFileReference; lastKnownFileType = sourcecode.swift; path = ProfileInfoView.swift; sourceTree = "<group>"; };
		EE115B0FEBB95030AE0DB117 /* Pods-CoffeeAnyone-CoffeeAnyoneUITests.debug.xcconfig */ = {isa = PBXFileReference; includeInIndex = 1; lastKnownFileType = text.xcconfig; name = "Pods-CoffeeAnyone-CoffeeAnyoneUITests.debug.xcconfig"; path = "Target Support Files/Pods-CoffeeAnyone-CoffeeAnyoneUITests/Pods-CoffeeAnyone-CoffeeAnyoneUITests.debug.xcconfig"; sourceTree = "<group>"; };
		FE6E74D5B9CBFA1E69A4BA88 /* Pods_CoffeeAnyoneTests.framework */ = {isa = PBXFileReference; explicitFileType = wrapper.framework; includeInIndex = 0; path = Pods_CoffeeAnyoneTests.framework; sourceTree = BUILT_PRODUCTS_DIR; };
/* End PBXFileReference section */

/* Begin PBXFrameworksBuildPhase section */
		DAF14D8723E9F29900CDCD05 /* Frameworks */ = {
			isa = PBXFrameworksBuildPhase;
			buildActionMask = 2147483647;
			files = (
				01D93471240468EA0028C2AF /* SDWebImageSwiftUI in Frameworks */,
				1D398E868CAF81EEF57FDD4E /* Pods_CoffeeAnyone.framework in Frameworks */,
			);
			runOnlyForDeploymentPostprocessing = 0;
		};
		DAF14D9D23E9F29A00CDCD05 /* Frameworks */ = {
			isa = PBXFrameworksBuildPhase;
			buildActionMask = 2147483647;
			files = (
				B7FBF8AB409C4B46B0FEDF68 /* Pods_CoffeeAnyoneTests.framework in Frameworks */,
			);
			runOnlyForDeploymentPostprocessing = 0;
		};
		DAF14DA823E9F29A00CDCD05 /* Frameworks */ = {
			isa = PBXFrameworksBuildPhase;
			buildActionMask = 2147483647;
			files = (
				C9806D7D08DCABAB8B770D2F /* Pods_CoffeeAnyone_CoffeeAnyoneUITests.framework in Frameworks */,
			);
			runOnlyForDeploymentPostprocessing = 0;
		};
/* End PBXFrameworksBuildPhase section */

/* Begin PBXGroup section */
		01D93464240461340028C2AF /* UpdatePhoto */ = {
			isa = PBXGroup;
			children = (
				01D934652404614F0028C2AF /* CameraPicker.swift */,
				01D93467240461800028C2AF /* CaptureCameraView.swift */,
				01D93469240461990028C2AF /* ImagePicker.swift */,
				01D9346B240461B20028C2AF /* PhotoCaptureView.swift */,
				01D9346D240461C80028C2AF /* UpdateMediaView.swift */,
			);
			path = UpdatePhoto;
			sourceTree = "<group>";
		};
		5953DD0C23F6FB6700C25E73 /* Matches */ = {
			isa = PBXGroup;
			children = (
				5953DD0D23F6FB8A00C25E73 /* MatchesView.swift */,
			);
			path = Matches;
			sourceTree = "<group>";
		};
		59D95A1623F1121200585B9F /* Chat */ = {
			isa = PBXGroup;
			children = (
				59D95A1F23F119EC00585B9F /* ChatView.swift */,
				59D95A1223F1120800585B9F /* ChatController.swift */,
				59D95A1123F1120800585B9F /* ChatModels.swift */,
			);
			path = Chat;
			sourceTree = "<group>";
		};
		5A36BC039B9ED43A4C5BC396 /* Frameworks */ = {
			isa = PBXGroup;
			children = (
				B50F0B12AF0DC36D9E8A25DE /* Pods_CoffeeAnyone.framework */,
				02487DD3FC4FD8E167B4F10A /* Pods_CoffeeAnyone_CoffeeAnyoneUITests.framework */,
				FE6E74D5B9CBFA1E69A4BA88 /* Pods_CoffeeAnyoneTests.framework */,
			);
			name = Frameworks;
			sourceTree = "<group>";
		};
		7AB8A2D6430B670BDE99135A /* Pods */ = {
			isa = PBXGroup;
			children = (
				17A75E4FCD8DC25EBABC47DD /* Pods-CoffeeAnyone.debug.xcconfig */,
				5D0B79FF276630F584D866BB /* Pods-CoffeeAnyone.release.xcconfig */,
				EE115B0FEBB95030AE0DB117 /* Pods-CoffeeAnyone-CoffeeAnyoneUITests.debug.xcconfig */,
				5FFF45BDFD34FEA5CD0DD6E1 /* Pods-CoffeeAnyone-CoffeeAnyoneUITests.release.xcconfig */,
				84CAB23A93890D12828E6809 /* Pods-CoffeeAnyoneTests.debug.xcconfig */,
				A8257D10ABBD592AB3922A1D /* Pods-CoffeeAnyoneTests.release.xcconfig */,
			);
			path = Pods;
			sourceTree = "<group>";
		};
		DAF14D8123E9F29900CDCD05 = {
			isa = PBXGroup;
			children = (
				DAF14D8C23E9F29900CDCD05 /* CoffeeAnyone */,
				DAF14DA323E9F29A00CDCD05 /* CoffeeAnyoneTests */,
				DAF14DAE23E9F29A00CDCD05 /* CoffeeAnyoneUITests */,
				DAF14D8B23E9F29900CDCD05 /* Products */,
				7AB8A2D6430B670BDE99135A /* Pods */,
				5A36BC039B9ED43A4C5BC396 /* Frameworks */,
			);
			sourceTree = "<group>";
		};
		DAF14D8B23E9F29900CDCD05 /* Products */ = {
			isa = PBXGroup;
			children = (
				DAF14D8A23E9F29900CDCD05 /* CoffeeAnyone.app */,
				DAF14DA023E9F29A00CDCD05 /* CoffeeAnyoneTests.xctest */,
				DAF14DAB23E9F29A00CDCD05 /* CoffeeAnyoneUITests.xctest */,
			);
			name = Products;
			sourceTree = "<group>";
		};
		DAF14D8C23E9F29900CDCD05 /* CoffeeAnyone */ = {
			isa = PBXGroup;
			children = (
				DA3A14B72406D50F005A8EB9 /* CoffeeAnyone.entitlements */,
				59D95A1623F1121200585B9F /* Chat */,
				5953DD0C23F6FB6700C25E73 /* Matches */,
				DAF14DE723EA348100CDCD05 /* Resources */,
				DAF14DCE23EA2CD700CDCD05 /* Profile */,
				DAF14DC923E9F53B00CDCD05 /* ProfileView.swift */,
				DAF14DC623E9F53B00CDCD05 /* HomeView.swift */,
				DAF14DBF23E9F3B100CDCD05 /* Menu */,
				DAF14D8D23E9F29900CDCD05 /* AppDelegate.swift */,
				DAF14D8F23E9F29900CDCD05 /* SceneDelegate.swift */,
				DAF14D9123E9F29900CDCD05 /* ContentView.swift */,
				DAF14D9323E9F29A00CDCD05 /* Assets.xcassets */,
				DAF14D9823E9F29A00CDCD05 /* LaunchScreen.storyboard */,
				DAF14D9B23E9F29A00CDCD05 /* Info.plist */,
				59C424B423F8AA920085F2EA /* GoogleService-Info.plist */,
				DAF14D9523E9F29A00CDCD05 /* Preview Content */,
			);
			path = CoffeeAnyone;
			sourceTree = "<group>";
		};
		DAF14D9523E9F29A00CDCD05 /* Preview Content */ = {
			isa = PBXGroup;
			children = (
				DAF14D9623E9F29A00CDCD05 /* Preview Assets.xcassets */,
			);
			path = "Preview Content";
			sourceTree = "<group>";
		};
		DAF14DA323E9F29A00CDCD05 /* CoffeeAnyoneTests */ = {
			isa = PBXGroup;
			children = (
				DAF14DA423E9F29A00CDCD05 /* CoffeeAnyoneTests.swift */,
				DAF14DA623E9F29A00CDCD05 /* Info.plist */,
			);
			path = CoffeeAnyoneTests;
			sourceTree = "<group>";
		};
		DAF14DAE23E9F29A00CDCD05 /* CoffeeAnyoneUITests */ = {
			isa = PBXGroup;
			children = (
				DAF14DAF23E9F29A00CDCD05 /* CoffeeAnyoneUITests.swift */,
				DAF14DB123E9F29A00CDCD05 /* Info.plist */,
			);
			path = CoffeeAnyoneUITests;
			sourceTree = "<group>";
		};
		DAF14DBF23E9F3B100CDCD05 /* Menu */ = {
			isa = PBXGroup;
			children = (
				DAF14DC223E9F44E00CDCD05 /* TabBarViewController.swift */,
				DAF14DC323E9F44E00CDCD05 /* tabItems.swift */,
				DAF14DC023E9F3D700CDCD05 /* TabView.swift */,
			);
			path = Menu;
			sourceTree = "<group>";
		};
		DAF14DCE23EA2CD700CDCD05 /* Profile */ = {
			isa = PBXGroup;
			children = (
				01D93464240461340028C2AF /* UpdatePhoto */,
				DAF14DEB23EA3E4200CDCD05 /* SegmentedViewController.swift */,
				DAF14DEF23EA477800CDCD05 /* Views */,
				DAF14DEA23EA36E900CDCD05 /* SupportingViews */,
				DAF14DD823EA309600CDCD05 /* EmumFiles */,
				DAF14DCF23EA2CEC00CDCD05 /* Models */,
			);
			path = Profile;
			sourceTree = "<group>";
		};
		DAF14DCF23EA2CEC00CDCD05 /* Models */ = {
			isa = PBXGroup;
			children = (
				DAF14DD123EA2D1D00CDCD05 /* Http.swift */,
				DAF14DD223EA2D1D00CDCD05 /* Profile.swift */,
			);
			path = Models;
			sourceTree = "<group>";
		};
		DAF14DD823EA309600CDCD05 /* EmumFiles */ = {
			isa = PBXGroup;
			children = (
				DAF14DD923EA30AB00CDCD05 /* Age.swift */,
				DAF14DDB23EA30B100CDCD05 /* BodyType.swift */,
				DAF14DDD23EA30B500CDCD05 /* Education.swift */,
				DAF14DDF23EA30B800CDCD05 /* Gender.swift */,
				DAF14DE123EA30BB00CDCD05 /* Jobs.swift */,
				DAF14DE323EA30C000CDCD05 /* Status.swift */,
				DAF14DE523EA30C200CDCD05 /* Hobbies.swift */,
			);
			path = EmumFiles;
			sourceTree = "<group>";
		};
		DAF14DE723EA348100CDCD05 /* Resources */ = {
			isa = PBXGroup;
			children = (
				59D95A1723F1124900585B9F /* 000002.jpg */,
				59D95A1923F1124A00585B9F /* coffeecup.png */,
				59D95A1823F1124900585B9F /* coffeecupheart.jpeg */,
			);
			path = Resources;
			sourceTree = "<group>";
		};
		DAF14DEA23EA36E900CDCD05 /* SupportingViews */ = {
			isa = PBXGroup;
			children = (
				DAF14DF423EA49B800CDCD05 /* CircleImage.swift */,
				DAF14DED23EA3E5800CDCD05 /* SegmentView.swift */,
				DAF14DFA23EA546300CDCD05 /* ProfileHeaderView.swift */,
				DA61DBCB23EEF2170059669B /* FieldView.swift */,
			);
			path = SupportingViews;
			sourceTree = "<group>";
		};
		DAF14DEF23EA477800CDCD05 /* Views */ = {
			isa = PBXGroup;
			children = (
				DAF14DF023EA478C00CDCD05 /* PreferencesView.swift */,
				DAF14DF223EA47F600CDCD05 /* QuizResultsView.swift */,
				DAF14DFC23EB363700CDCD05 /* ProfileInfoView.swift */,
			);
			path = Views;
			sourceTree = "<group>";
		};
/* End PBXGroup section */

/* Begin PBXNativeTarget section */
		DAF14D8923E9F29900CDCD05 /* CoffeeAnyone */ = {
			isa = PBXNativeTarget;
			buildConfigurationList = DAF14DB423E9F29A00CDCD05 /* Build configuration list for PBXNativeTarget "CoffeeAnyone" */;
			buildPhases = (
				95F73205EB157EDC84596822 /* [CP] Check Pods Manifest.lock */,
				DAF14D8623E9F29900CDCD05 /* Sources */,
				DAF14D8723E9F29900CDCD05 /* Frameworks */,
				DAF14D8823E9F29900CDCD05 /* Resources */,
				096A37775C7A9A7411FD5DBA /* [CP] Embed Pods Frameworks */,
			);
			buildRules = (
			);
			dependencies = (
			);
			name = CoffeeAnyone;
			packageProductDependencies = (
				01D93470240468EA0028C2AF /* SDWebImageSwiftUI */,
			);
			productName = CoffeeAnyone;
			productReference = DAF14D8A23E9F29900CDCD05 /* CoffeeAnyone.app */;
			productType = "com.apple.product-type.application";
		};
		DAF14D9F23E9F29A00CDCD05 /* CoffeeAnyoneTests */ = {
			isa = PBXNativeTarget;
			buildConfigurationList = DAF14DB723E9F29A00CDCD05 /* Build configuration list for PBXNativeTarget "CoffeeAnyoneTests" */;
			buildPhases = (
				B6756D58D18B0D918F04AB20 /* [CP] Check Pods Manifest.lock */,
				DAF14D9C23E9F29A00CDCD05 /* Sources */,
				DAF14D9D23E9F29A00CDCD05 /* Frameworks */,
				DAF14D9E23E9F29A00CDCD05 /* Resources */,
			);
			buildRules = (
			);
			dependencies = (
				DAF14DA223E9F29A00CDCD05 /* PBXTargetDependency */,
			);
			name = CoffeeAnyoneTests;
			productName = CoffeeAnyoneTests;
			productReference = DAF14DA023E9F29A00CDCD05 /* CoffeeAnyoneTests.xctest */;
			productType = "com.apple.product-type.bundle.unit-test";
		};
		DAF14DAA23E9F29A00CDCD05 /* CoffeeAnyoneUITests */ = {
			isa = PBXNativeTarget;
			buildConfigurationList = DAF14DBA23E9F29A00CDCD05 /* Build configuration list for PBXNativeTarget "CoffeeAnyoneUITests" */;
			buildPhases = (
				0FFF7551AB75723537B6EEA0 /* [CP] Check Pods Manifest.lock */,
				DAF14DA723E9F29A00CDCD05 /* Sources */,
				DAF14DA823E9F29A00CDCD05 /* Frameworks */,
				DAF14DA923E9F29A00CDCD05 /* Resources */,
				42207CAD517FED7E975F1F85 /* [CP] Embed Pods Frameworks */,
			);
			buildRules = (
			);
			dependencies = (
				DAF14DAD23E9F29A00CDCD05 /* PBXTargetDependency */,
			);
			name = CoffeeAnyoneUITests;
			productName = CoffeeAnyoneUITests;
			productReference = DAF14DAB23E9F29A00CDCD05 /* CoffeeAnyoneUITests.xctest */;
			productType = "com.apple.product-type.bundle.ui-testing";
		};
/* End PBXNativeTarget section */

/* Begin PBXProject section */
		DAF14D8223E9F29900CDCD05 /* Project object */ = {
			isa = PBXProject;
			attributes = {
				LastSwiftUpdateCheck = 1130;
				LastUpgradeCheck = 1130;
				ORGANIZATIONNAME = "Dating App";
				TargetAttributes = {
					DAF14D8923E9F29900CDCD05 = {
						CreatedOnToolsVersion = 11.3.1;
					};
					DAF14D9F23E9F29A00CDCD05 = {
						CreatedOnToolsVersion = 11.3.1;
						TestTargetID = DAF14D8923E9F29900CDCD05;
					};
					DAF14DAA23E9F29A00CDCD05 = {
						CreatedOnToolsVersion = 11.3.1;
						TestTargetID = DAF14D8923E9F29900CDCD05;
					};
				};
			};
			buildConfigurationList = DAF14D8523E9F29900CDCD05 /* Build configuration list for PBXProject "CoffeeAnyone" */;
			compatibilityVersion = "Xcode 9.3";
			developmentRegion = en;
			hasScannedForEncodings = 0;
			knownRegions = (
				en,
				Base,
			);
			mainGroup = DAF14D8123E9F29900CDCD05;
			packageReferences = (
				01D9346F240468EA0028C2AF /* XCRemoteSwiftPackageReference "SDWebImageSwiftUI" */,
			);
			productRefGroup = DAF14D8B23E9F29900CDCD05 /* Products */;
			projectDirPath = "";
			projectRoot = "";
			targets = (
				DAF14D8923E9F29900CDCD05 /* CoffeeAnyone */,
				DAF14D9F23E9F29A00CDCD05 /* CoffeeAnyoneTests */,
				DAF14DAA23E9F29A00CDCD05 /* CoffeeAnyoneUITests */,
			);
		};
/* End PBXProject section */

/* Begin PBXResourcesBuildPhase section */
		DAF14D8823E9F29900CDCD05 /* Resources */ = {
			isa = PBXResourcesBuildPhase;
			buildActionMask = 2147483647;
			files = (
				DAF14D9A23E9F29A00CDCD05 /* LaunchScreen.storyboard in Resources */,
				59D95A1C23F1124A00585B9F /* coffeecup.png in Resources */,
				DAF14D9723E9F29A00CDCD05 /* Preview Assets.xcassets in Resources */,
				59D95A1B23F1124A00585B9F /* coffeecupheart.jpeg in Resources */,
				59D95A1A23F1124A00585B9F /* 000002.jpg in Resources */,
				DAF14D9423E9F29A00CDCD05 /* Assets.xcassets in Resources */,
				59C424B523F8AA920085F2EA /* GoogleService-Info.plist in Resources */,
			);
			runOnlyForDeploymentPostprocessing = 0;
		};
		DAF14D9E23E9F29A00CDCD05 /* Resources */ = {
			isa = PBXResourcesBuildPhase;
			buildActionMask = 2147483647;
			files = (
				59C424B623F8AA920085F2EA /* GoogleService-Info.plist in Resources */,
			);
			runOnlyForDeploymentPostprocessing = 0;
		};
		DAF14DA923E9F29A00CDCD05 /* Resources */ = {
			isa = PBXResourcesBuildPhase;
			buildActionMask = 2147483647;
			files = (
				59C424B723F8AA920085F2EA /* GoogleService-Info.plist in Resources */,
			);
			runOnlyForDeploymentPostprocessing = 0;
		};
/* End PBXResourcesBuildPhase section */

/* Begin PBXShellScriptBuildPhase section */
		096A37775C7A9A7411FD5DBA /* [CP] Embed Pods Frameworks */ = {
			isa = PBXShellScriptBuildPhase;
			buildActionMask = 2147483647;
			files = (
			);
			inputFileListPaths = (
				"${PODS_ROOT}/Target Support Files/Pods-CoffeeAnyone/Pods-CoffeeAnyone-frameworks-${CONFIGURATION}-input-files.xcfilelist",
			);
			name = "[CP] Embed Pods Frameworks";
			outputFileListPaths = (
				"${PODS_ROOT}/Target Support Files/Pods-CoffeeAnyone/Pods-CoffeeAnyone-frameworks-${CONFIGURATION}-output-files.xcfilelist",
			);
			runOnlyForDeploymentPostprocessing = 0;
			shellPath = /bin/sh;
			shellScript = "\"${PODS_ROOT}/Target Support Files/Pods-CoffeeAnyone/Pods-CoffeeAnyone-frameworks.sh\"\n";
			showEnvVarsInLog = 0;
		};
		0FFF7551AB75723537B6EEA0 /* [CP] Check Pods Manifest.lock */ = {
			isa = PBXShellScriptBuildPhase;
			buildActionMask = 2147483647;
			files = (
			);
			inputFileListPaths = (
			);
			inputPaths = (
				"${PODS_PODFILE_DIR_PATH}/Podfile.lock",
				"${PODS_ROOT}/Manifest.lock",
			);
			name = "[CP] Check Pods Manifest.lock";
			outputFileListPaths = (
			);
			outputPaths = (
				"$(DERIVED_FILE_DIR)/Pods-CoffeeAnyone-CoffeeAnyoneUITests-checkManifestLockResult.txt",
			);
			runOnlyForDeploymentPostprocessing = 0;
			shellPath = /bin/sh;
			shellScript = "diff \"${PODS_PODFILE_DIR_PATH}/Podfile.lock\" \"${PODS_ROOT}/Manifest.lock\" > /dev/null\nif [ $? != 0 ] ; then\n    # print error to STDERR\n    echo \"error: The sandbox is not in sync with the Podfile.lock. Run 'pod install' or update your CocoaPods installation.\" >&2\n    exit 1\nfi\n# This output is used by Xcode 'outputs' to avoid re-running this script phase.\necho \"SUCCESS\" > \"${SCRIPT_OUTPUT_FILE_0}\"\n";
			showEnvVarsInLog = 0;
		};
		42207CAD517FED7E975F1F85 /* [CP] Embed Pods Frameworks */ = {
			isa = PBXShellScriptBuildPhase;
			buildActionMask = 2147483647;
			files = (
			);
			inputFileListPaths = (
				"${PODS_ROOT}/Target Support Files/Pods-CoffeeAnyone-CoffeeAnyoneUITests/Pods-CoffeeAnyone-CoffeeAnyoneUITests-frameworks-${CONFIGURATION}-input-files.xcfilelist",
			);
			name = "[CP] Embed Pods Frameworks";
			outputFileListPaths = (
				"${PODS_ROOT}/Target Support Files/Pods-CoffeeAnyone-CoffeeAnyoneUITests/Pods-CoffeeAnyone-CoffeeAnyoneUITests-frameworks-${CONFIGURATION}-output-files.xcfilelist",
			);
			runOnlyForDeploymentPostprocessing = 0;
			shellPath = /bin/sh;
			shellScript = "\"${PODS_ROOT}/Target Support Files/Pods-CoffeeAnyone-CoffeeAnyoneUITests/Pods-CoffeeAnyone-CoffeeAnyoneUITests-frameworks.sh\"\n";
			showEnvVarsInLog = 0;
		};
		95F73205EB157EDC84596822 /* [CP] Check Pods Manifest.lock */ = {
			isa = PBXShellScriptBuildPhase;
			buildActionMask = 2147483647;
			files = (
			);
			inputFileListPaths = (
			);
			inputPaths = (
				"${PODS_PODFILE_DIR_PATH}/Podfile.lock",
				"${PODS_ROOT}/Manifest.lock",
			);
			name = "[CP] Check Pods Manifest.lock";
			outputFileListPaths = (
			);
			outputPaths = (
				"$(DERIVED_FILE_DIR)/Pods-CoffeeAnyone-checkManifestLockResult.txt",
			);
			runOnlyForDeploymentPostprocessing = 0;
			shellPath = /bin/sh;
			shellScript = "diff \"${PODS_PODFILE_DIR_PATH}/Podfile.lock\" \"${PODS_ROOT}/Manifest.lock\" > /dev/null\nif [ $? != 0 ] ; then\n    # print error to STDERR\n    echo \"error: The sandbox is not in sync with the Podfile.lock. Run 'pod install' or update your CocoaPods installation.\" >&2\n    exit 1\nfi\n# This output is used by Xcode 'outputs' to avoid re-running this script phase.\necho \"SUCCESS\" > \"${SCRIPT_OUTPUT_FILE_0}\"\n";
			showEnvVarsInLog = 0;
		};
		B6756D58D18B0D918F04AB20 /* [CP] Check Pods Manifest.lock */ = {
			isa = PBXShellScriptBuildPhase;
			buildActionMask = 2147483647;
			files = (
			);
			inputFileListPaths = (
			);
			inputPaths = (
				"${PODS_PODFILE_DIR_PATH}/Podfile.lock",
				"${PODS_ROOT}/Manifest.lock",
			);
			name = "[CP] Check Pods Manifest.lock";
			outputFileListPaths = (
			);
			outputPaths = (
				"$(DERIVED_FILE_DIR)/Pods-CoffeeAnyoneTests-checkManifestLockResult.txt",
			);
			runOnlyForDeploymentPostprocessing = 0;
			shellPath = /bin/sh;
			shellScript = "diff \"${PODS_PODFILE_DIR_PATH}/Podfile.lock\" \"${PODS_ROOT}/Manifest.lock\" > /dev/null\nif [ $? != 0 ] ; then\n    # print error to STDERR\n    echo \"error: The sandbox is not in sync with the Podfile.lock. Run 'pod install' or update your CocoaPods installation.\" >&2\n    exit 1\nfi\n# This output is used by Xcode 'outputs' to avoid re-running this script phase.\necho \"SUCCESS\" > \"${SCRIPT_OUTPUT_FILE_0}\"\n";
			showEnvVarsInLog = 0;
		};
/* End PBXShellScriptBuildPhase section */

/* Begin PBXSourcesBuildPhase section */
		DAF14D8623E9F29900CDCD05 /* Sources */ = {
			isa = PBXSourcesBuildPhase;
			buildActionMask = 2147483647;
			files = (
				DAF14DE623EA30C200CDCD05 /* Hobbies.swift in Sources */,
				59D95A2023F119EC00585B9F /* ChatView.swift in Sources */,
				DAF14DC523E9F44E00CDCD05 /* tabItems.swift in Sources */,
				DAF14DCA23E9F53B00CDCD05 /* HomeView.swift in Sources */,
				01D9346E240461C80028C2AF /* UpdateMediaView.swift in Sources */,
				DAF14DE223EA30BB00CDCD05 /* Jobs.swift in Sources */,
				DAF14DFD23EB363700CDCD05 /* ProfileInfoView.swift in Sources */,
				DAF14DEE23EA3E5800CDCD05 /* SegmentView.swift in Sources */,
				DAF14DD523EA2D1D00CDCD05 /* Profile.swift in Sources */,
				DA61DBCC23EEF2170059669B /* FieldView.swift in Sources */,
				DAF14DF323EA47F600CDCD05 /* QuizResultsView.swift in Sources */,
				59D95A1423F1120800585B9F /* ChatModels.swift in Sources */,
				DAF14DCD23E9F53B00CDCD05 /* ProfileView.swift in Sources */,
				DAF14DDA23EA30AB00CDCD05 /* Age.swift in Sources */,
				01D9346A240461990028C2AF /* ImagePicker.swift in Sources */,
				DAF14DEC23EA3E4200CDCD05 /* SegmentedViewController.swift in Sources */,
				DAF14DDE23EA30B500CDCD05 /* Education.swift in Sources */,
				01D9346C240461B20028C2AF /* PhotoCaptureView.swift in Sources */,
				DAF14DDC23EA30B100CDCD05 /* BodyType.swift in Sources */,
				5953DD0E23F6FB8A00C25E73 /* MatchesView.swift in Sources */,
				DAF14DFB23EA546300CDCD05 /* ProfileHeaderView.swift in Sources */,
				DAF14D8E23E9F29900CDCD05 /* AppDelegate.swift in Sources */,
				DAF14DD423EA2D1D00CDCD05 /* Http.swift in Sources */,
				DAF14D9023E9F29900CDCD05 /* SceneDelegate.swift in Sources */,
				DAF14DF523EA49B800CDCD05 /* CircleImage.swift in Sources */,
				59D95A1523F1120800585B9F /* ChatController.swift in Sources */,
				DAF14DC123E9F3D700CDCD05 /* TabView.swift in Sources */,
				01D93468240461800028C2AF /* CaptureCameraView.swift in Sources */,
				DAF14DC423E9F44E00CDCD05 /* TabBarViewController.swift in Sources */,
				DAF14D9223E9F29900CDCD05 /* ContentView.swift in Sources */,
				DAF14DE423EA30C000CDCD05 /* Status.swift in Sources */,
				DAF14DE023EA30B800CDCD05 /* Gender.swift in Sources */,
				01D934662404614F0028C2AF /* CameraPicker.swift in Sources */,
				DAF14DF123EA478C00CDCD05 /* PreferencesView.swift in Sources */,
			);
			runOnlyForDeploymentPostprocessing = 0;
		};
		DAF14D9C23E9F29A00CDCD05 /* Sources */ = {
			isa = PBXSourcesBuildPhase;
			buildActionMask = 2147483647;
			files = (
				DAF14DA523E9F29A00CDCD05 /* CoffeeAnyoneTests.swift in Sources */,
			);
			runOnlyForDeploymentPostprocessing = 0;
		};
		DAF14DA723E9F29A00CDCD05 /* Sources */ = {
			isa = PBXSourcesBuildPhase;
			buildActionMask = 2147483647;
			files = (
				DAF14DB023E9F29A00CDCD05 /* CoffeeAnyoneUITests.swift in Sources */,
			);
			runOnlyForDeploymentPostprocessing = 0;
		};
/* End PBXSourcesBuildPhase section */

/* Begin PBXTargetDependency section */
		DAF14DA223E9F29A00CDCD05 /* PBXTargetDependency */ = {
			isa = PBXTargetDependency;
			target = DAF14D8923E9F29900CDCD05 /* CoffeeAnyone */;
			targetProxy = DAF14DA123E9F29A00CDCD05 /* PBXContainerItemProxy */;
		};
		DAF14DAD23E9F29A00CDCD05 /* PBXTargetDependency */ = {
			isa = PBXTargetDependency;
			target = DAF14D8923E9F29900CDCD05 /* CoffeeAnyone */;
			targetProxy = DAF14DAC23E9F29A00CDCD05 /* PBXContainerItemProxy */;
		};
/* End PBXTargetDependency section */

/* Begin PBXVariantGroup section */
		DAF14D9823E9F29A00CDCD05 /* LaunchScreen.storyboard */ = {
			isa = PBXVariantGroup;
			children = (
				DAF14D9923E9F29A00CDCD05 /* Base */,
			);
			name = LaunchScreen.storyboard;
			sourceTree = "<group>";
		};
/* End PBXVariantGroup section */

/* Begin XCBuildConfiguration section */
		DAF14DB223E9F29A00CDCD05 /* Debug */ = {
			isa = XCBuildConfiguration;
			buildSettings = {
				ALWAYS_SEARCH_USER_PATHS = NO;
				CLANG_ANALYZER_NONNULL = YES;
				CLANG_ANALYZER_NUMBER_OBJECT_CONVERSION = YES_AGGRESSIVE;
				CLANG_CXX_LANGUAGE_STANDARD = "gnu++14";
				CLANG_CXX_LIBRARY = "libc++";
				CLANG_ENABLE_MODULES = YES;
				CLANG_ENABLE_OBJC_ARC = YES;
				CLANG_ENABLE_OBJC_WEAK = YES;
				CLANG_WARN_BLOCK_CAPTURE_AUTORELEASING = YES;
				CLANG_WARN_BOOL_CONVERSION = YES;
				CLANG_WARN_COMMA = YES;
				CLANG_WARN_CONSTANT_CONVERSION = YES;
				CLANG_WARN_DEPRECATED_OBJC_IMPLEMENTATIONS = YES;
				CLANG_WARN_DIRECT_OBJC_ISA_USAGE = YES_ERROR;
				CLANG_WARN_DOCUMENTATION_COMMENTS = YES;
				CLANG_WARN_EMPTY_BODY = YES;
				CLANG_WARN_ENUM_CONVERSION = YES;
				CLANG_WARN_INFINITE_RECURSION = YES;
				CLANG_WARN_INT_CONVERSION = YES;
				CLANG_WARN_NON_LITERAL_NULL_CONVERSION = YES;
				CLANG_WARN_OBJC_IMPLICIT_RETAIN_SELF = YES;
				CLANG_WARN_OBJC_LITERAL_CONVERSION = YES;
				CLANG_WARN_OBJC_ROOT_CLASS = YES_ERROR;
				CLANG_WARN_RANGE_LOOP_ANALYSIS = YES;
				CLANG_WARN_STRICT_PROTOTYPES = YES;
				CLANG_WARN_SUSPICIOUS_MOVE = YES;
				CLANG_WARN_UNGUARDED_AVAILABILITY = YES_AGGRESSIVE;
				CLANG_WARN_UNREACHABLE_CODE = YES;
				CLANG_WARN__DUPLICATE_METHOD_MATCH = YES;
				COPY_PHASE_STRIP = NO;
				DEBUG_INFORMATION_FORMAT = dwarf;
				ENABLE_STRICT_OBJC_MSGSEND = YES;
				ENABLE_TESTABILITY = YES;
				GCC_C_LANGUAGE_STANDARD = gnu11;
				GCC_DYNAMIC_NO_PIC = NO;
				GCC_NO_COMMON_BLOCKS = YES;
				GCC_OPTIMIZATION_LEVEL = 0;
				GCC_PREPROCESSOR_DEFINITIONS = (
					"DEBUG=1",
					"$(inherited)",
				);
				GCC_WARN_64_TO_32_BIT_CONVERSION = YES;
				GCC_WARN_ABOUT_RETURN_TYPE = YES_ERROR;
				GCC_WARN_UNDECLARED_SELECTOR = YES;
				GCC_WARN_UNINITIALIZED_AUTOS = YES_AGGRESSIVE;
				GCC_WARN_UNUSED_FUNCTION = YES;
				GCC_WARN_UNUSED_VARIABLE = YES;
				IPHONEOS_DEPLOYMENT_TARGET = 13.2;
				MTL_ENABLE_DEBUG_INFO = INCLUDE_SOURCE;
				MTL_FAST_MATH = YES;
				ONLY_ACTIVE_ARCH = YES;
				SDKROOT = iphoneos;
				SWIFT_ACTIVE_COMPILATION_CONDITIONS = DEBUG;
				SWIFT_OPTIMIZATION_LEVEL = "-Onone";
			};
			name = Debug;
		};
		DAF14DB323E9F29A00CDCD05 /* Release */ = {
			isa = XCBuildConfiguration;
			buildSettings = {
				ALWAYS_SEARCH_USER_PATHS = NO;
				CLANG_ANALYZER_NONNULL = YES;
				CLANG_ANALYZER_NUMBER_OBJECT_CONVERSION = YES_AGGRESSIVE;
				CLANG_CXX_LANGUAGE_STANDARD = "gnu++14";
				CLANG_CXX_LIBRARY = "libc++";
				CLANG_ENABLE_MODULES = YES;
				CLANG_ENABLE_OBJC_ARC = YES;
				CLANG_ENABLE_OBJC_WEAK = YES;
				CLANG_WARN_BLOCK_CAPTURE_AUTORELEASING = YES;
				CLANG_WARN_BOOL_CONVERSION = YES;
				CLANG_WARN_COMMA = YES;
				CLANG_WARN_CONSTANT_CONVERSION = YES;
				CLANG_WARN_DEPRECATED_OBJC_IMPLEMENTATIONS = YES;
				CLANG_WARN_DIRECT_OBJC_ISA_USAGE = YES_ERROR;
				CLANG_WARN_DOCUMENTATION_COMMENTS = YES;
				CLANG_WARN_EMPTY_BODY = YES;
				CLANG_WARN_ENUM_CONVERSION = YES;
				CLANG_WARN_INFINITE_RECURSION = YES;
				CLANG_WARN_INT_CONVERSION = YES;
				CLANG_WARN_NON_LITERAL_NULL_CONVERSION = YES;
				CLANG_WARN_OBJC_IMPLICIT_RETAIN_SELF = YES;
				CLANG_WARN_OBJC_LITERAL_CONVERSION = YES;
				CLANG_WARN_OBJC_ROOT_CLASS = YES_ERROR;
				CLANG_WARN_RANGE_LOOP_ANALYSIS = YES;
				CLANG_WARN_STRICT_PROTOTYPES = YES;
				CLANG_WARN_SUSPICIOUS_MOVE = YES;
				CLANG_WARN_UNGUARDED_AVAILABILITY = YES_AGGRESSIVE;
				CLANG_WARN_UNREACHABLE_CODE = YES;
				CLANG_WARN__DUPLICATE_METHOD_MATCH = YES;
				COPY_PHASE_STRIP = NO;
				DEBUG_INFORMATION_FORMAT = "dwarf-with-dsym";
				ENABLE_NS_ASSERTIONS = NO;
				ENABLE_STRICT_OBJC_MSGSEND = YES;
				GCC_C_LANGUAGE_STANDARD = gnu11;
				GCC_NO_COMMON_BLOCKS = YES;
				GCC_WARN_64_TO_32_BIT_CONVERSION = YES;
				GCC_WARN_ABOUT_RETURN_TYPE = YES_ERROR;
				GCC_WARN_UNDECLARED_SELECTOR = YES;
				GCC_WARN_UNINITIALIZED_AUTOS = YES_AGGRESSIVE;
				GCC_WARN_UNUSED_FUNCTION = YES;
				GCC_WARN_UNUSED_VARIABLE = YES;
				IPHONEOS_DEPLOYMENT_TARGET = 13.2;
				MTL_ENABLE_DEBUG_INFO = NO;
				MTL_FAST_MATH = YES;
				SDKROOT = iphoneos;
				SWIFT_COMPILATION_MODE = wholemodule;
				SWIFT_OPTIMIZATION_LEVEL = "-O";
				VALIDATE_PRODUCT = YES;
			};
			name = Release;
		};
		DAF14DB523E9F29A00CDCD05 /* Debug */ = {
			isa = XCBuildConfiguration;
			baseConfigurationReference = 17A75E4FCD8DC25EBABC47DD /* Pods-CoffeeAnyone.debug.xcconfig */;
			buildSettings = {
				ASSETCATALOG_COMPILER_APPICON_NAME = AppIcon;
				CODE_SIGN_ENTITLEMENTS = CoffeeAnyone/CoffeeAnyone.entitlements;
				CODE_SIGN_IDENTITY = "Apple Development";
				CODE_SIGN_STYLE = Automatic;
				DEVELOPMENT_ASSET_PATHS = "\"CoffeeAnyone/Preview Content\"";
				DEVELOPMENT_TEAM = L5L8LL7D5N;
				ENABLE_PREVIEWS = YES;
				INFOPLIST_FILE = CoffeeAnyone/Info.plist;
				LD_RUNPATH_SEARCH_PATHS = (
					"$(inherited)",
					"@executable_path/Frameworks",
				);
				PRODUCT_BUNDLE_IDENTIFIER = com.capstonetest.CoffeeAnyone;
				PRODUCT_NAME = "$(TARGET_NAME)";
				PROVISIONING_PROFILE_SPECIFIER = "";
				SWIFT_VERSION = 5.0;
				TARGETED_DEVICE_FAMILY = "1,2";
			};
			name = Debug;
		};
		DAF14DB623E9F29A00CDCD05 /* Release */ = {
			isa = XCBuildConfiguration;
			baseConfigurationReference = 5D0B79FF276630F584D866BB /* Pods-CoffeeAnyone.release.xcconfig */;
			buildSettings = {
				ASSETCATALOG_COMPILER_APPICON_NAME = AppIcon;
				CODE_SIGN_ENTITLEMENTS = CoffeeAnyone/CoffeeAnyone.entitlements;
				CODE_SIGN_IDENTITY = "Apple Development";
				CODE_SIGN_STYLE = Automatic;
				DEVELOPMENT_ASSET_PATHS = "\"CoffeeAnyone/Preview Content\"";
				DEVELOPMENT_TEAM = L5L8LL7D5N;
				ENABLE_PREVIEWS = YES;
				INFOPLIST_FILE = CoffeeAnyone/Info.plist;
				LD_RUNPATH_SEARCH_PATHS = (
					"$(inherited)",
					"@executable_path/Frameworks",
				);
				PRODUCT_BUNDLE_IDENTIFIER = com.capstonetest.CoffeeAnyone;
				PRODUCT_NAME = "$(TARGET_NAME)";
				PROVISIONING_PROFILE_SPECIFIER = "";
				SWIFT_VERSION = 5.0;
				TARGETED_DEVICE_FAMILY = "1,2";
			};
			name = Release;
		};
		DAF14DB823E9F29A00CDCD05 /* Debug */ = {
			isa = XCBuildConfiguration;
			baseConfigurationReference = 84CAB23A93890D12828E6809 /* Pods-CoffeeAnyoneTests.debug.xcconfig */;
			buildSettings = {
				ALWAYS_EMBED_SWIFT_STANDARD_LIBRARIES = YES;
				BUNDLE_LOADER = "$(TEST_HOST)";
				CODE_SIGN_STYLE = Automatic;
				INFOPLIST_FILE = CoffeeAnyoneTests/Info.plist;
				IPHONEOS_DEPLOYMENT_TARGET = 13.2;
				LD_RUNPATH_SEARCH_PATHS = (
					"$(inherited)",
					"@executable_path/Frameworks",
					"@loader_path/Frameworks",
				);
				PRODUCT_BUNDLE_IDENTIFIER = com.examples.CoffeeAnyoneTests;
				PRODUCT_NAME = "$(TARGET_NAME)";
				SWIFT_VERSION = 5.0;
				TARGETED_DEVICE_FAMILY = "1,2";
				TEST_HOST = "$(BUILT_PRODUCTS_DIR)/CoffeeAnyone.app/CoffeeAnyone";
			};
			name = Debug;
		};
		DAF14DB923E9F29A00CDCD05 /* Release */ = {
			isa = XCBuildConfiguration;
			baseConfigurationReference = A8257D10ABBD592AB3922A1D /* Pods-CoffeeAnyoneTests.release.xcconfig */;
			buildSettings = {
				ALWAYS_EMBED_SWIFT_STANDARD_LIBRARIES = YES;
				BUNDLE_LOADER = "$(TEST_HOST)";
				CODE_SIGN_STYLE = Automatic;
				INFOPLIST_FILE = CoffeeAnyoneTests/Info.plist;
				IPHONEOS_DEPLOYMENT_TARGET = 13.2;
				LD_RUNPATH_SEARCH_PATHS = (
					"$(inherited)",
					"@executable_path/Frameworks",
					"@loader_path/Frameworks",
				);
				PRODUCT_BUNDLE_IDENTIFIER = com.examples.CoffeeAnyoneTests;
				PRODUCT_NAME = "$(TARGET_NAME)";
				SWIFT_VERSION = 5.0;
				TARGETED_DEVICE_FAMILY = "1,2";
				TEST_HOST = "$(BUILT_PRODUCTS_DIR)/CoffeeAnyone.app/CoffeeAnyone";
			};
			name = Release;
		};
		DAF14DBB23E9F29A00CDCD05 /* Debug */ = {
			isa = XCBuildConfiguration;
			baseConfigurationReference = EE115B0FEBB95030AE0DB117 /* Pods-CoffeeAnyone-CoffeeAnyoneUITests.debug.xcconfig */;
			buildSettings = {
				ALWAYS_EMBED_SWIFT_STANDARD_LIBRARIES = YES;
				CODE_SIGN_STYLE = Automatic;
				INFOPLIST_FILE = CoffeeAnyoneUITests/Info.plist;
				LD_RUNPATH_SEARCH_PATHS = (
					"$(inherited)",
					"@executable_path/Frameworks",
					"@loader_path/Frameworks",
				);
				PRODUCT_BUNDLE_IDENTIFIER = com.examples.CoffeeAnyoneUITests;
				PRODUCT_NAME = "$(TARGET_NAME)";
				SWIFT_VERSION = 5.0;
				TARGETED_DEVICE_FAMILY = "1,2";
				TEST_TARGET_NAME = CoffeeAnyone;
			};
			name = Debug;
		};
		DAF14DBC23E9F29A00CDCD05 /* Release */ = {
			isa = XCBuildConfiguration;
			baseConfigurationReference = 5FFF45BDFD34FEA5CD0DD6E1 /* Pods-CoffeeAnyone-CoffeeAnyoneUITests.release.xcconfig */;
			buildSettings = {
				ALWAYS_EMBED_SWIFT_STANDARD_LIBRARIES = YES;
				CODE_SIGN_STYLE = Automatic;
				INFOPLIST_FILE = CoffeeAnyoneUITests/Info.plist;
				LD_RUNPATH_SEARCH_PATHS = (
					"$(inherited)",
					"@executable_path/Frameworks",
					"@loader_path/Frameworks",
				);
				PRODUCT_BUNDLE_IDENTIFIER = com.examples.CoffeeAnyoneUITests;
				PRODUCT_NAME = "$(TARGET_NAME)";
				SWIFT_VERSION = 5.0;
				TARGETED_DEVICE_FAMILY = "1,2";
				TEST_TARGET_NAME = CoffeeAnyone;
			};
			name = Release;
		};
/* End XCBuildConfiguration section */

/* Begin XCConfigurationList section */
		DAF14D8523E9F29900CDCD05 /* Build configuration list for PBXProject "CoffeeAnyone" */ = {
			isa = XCConfigurationList;
			buildConfigurations = (
				DAF14DB223E9F29A00CDCD05 /* Debug */,
				DAF14DB323E9F29A00CDCD05 /* Release */,
			);
			defaultConfigurationIsVisible = 0;
			defaultConfigurationName = Release;
		};
		DAF14DB423E9F29A00CDCD05 /* Build configuration list for PBXNativeTarget "CoffeeAnyone" */ = {
			isa = XCConfigurationList;
			buildConfigurations = (
				DAF14DB523E9F29A00CDCD05 /* Debug */,
				DAF14DB623E9F29A00CDCD05 /* Release */,
			);
			defaultConfigurationIsVisible = 0;
			defaultConfigurationName = Release;
		};
		DAF14DB723E9F29A00CDCD05 /* Build configuration list for PBXNativeTarget "CoffeeAnyoneTests" */ = {
			isa = XCConfigurationList;
			buildConfigurations = (
				DAF14DB823E9F29A00CDCD05 /* Debug */,
				DAF14DB923E9F29A00CDCD05 /* Release */,
			);
			defaultConfigurationIsVisible = 0;
			defaultConfigurationName = Release;
		};
		DAF14DBA23E9F29A00CDCD05 /* Build configuration list for PBXNativeTarget "CoffeeAnyoneUITests" */ = {
			isa = XCConfigurationList;
			buildConfigurations = (
				DAF14DBB23E9F29A00CDCD05 /* Debug */,
				DAF14DBC23E9F29A00CDCD05 /* Release */,
			);
			defaultConfigurationIsVisible = 0;
			defaultConfigurationName = Release;
		};
/* End XCConfigurationList section */

/* Begin XCRemoteSwiftPackageReference section */
		01D9346F240468EA0028C2AF /* XCRemoteSwiftPackageReference "SDWebImageSwiftUI" */ = {
			isa = XCRemoteSwiftPackageReference;
			repositoryURL = "https://github.com/SDWebImage/SDWebImageSwiftUI.git";
			requirement = {
				kind = upToNextMajorVersion;
				minimumVersion = 0.10.3;
			};
		};
/* End XCRemoteSwiftPackageReference section */

/* Begin XCSwiftPackageProductDependency section */
		01D93470240468EA0028C2AF /* SDWebImageSwiftUI */ = {
			isa = XCSwiftPackageProductDependency;
			package = 01D9346F240468EA0028C2AF /* XCRemoteSwiftPackageReference "SDWebImageSwiftUI" */;
			productName = SDWebImageSwiftUI;
		};
/* End XCSwiftPackageProductDependency section */
	};
	rootObject = DAF14D8223E9F29900CDCD05 /* Project object */;
}
