// !$*UTF8*$!
{
	archiveVersion = 1;
	classes = {
	};
	objectVersion = 50;
	objects = {

/* Begin PBXBuildFile section */
		59D312F323E4AD3F000FA45F /* AppDelegate.swift in Sources */ = {isa = PBXBuildFile; fileRef = 59D312F223E4AD3F000FA45F /* AppDelegate.swift */; };
		59D312F523E4AD3F000FA45F /* SceneDelegate.swift in Sources */ = {isa = PBXBuildFile; fileRef = 59D312F423E4AD3F000FA45F /* SceneDelegate.swift */; };
		59D312F723E4AD3F000FA45F /* ContentView.swift in Sources */ = {isa = PBXBuildFile; fileRef = 59D312F623E4AD3F000FA45F /* ContentView.swift */; };
		59D312F923E4AD40000FA45F /* Assets.xcassets in Resources */ = {isa = PBXBuildFile; fileRef = 59D312F823E4AD40000FA45F /* Assets.xcassets */; };
		59D312FC23E4AD40000FA45F /* Preview Assets.xcassets in Resources */ = {isa = PBXBuildFile; fileRef = 59D312FB23E4AD40000FA45F /* Preview Assets.xcassets */; };
		59D312FF23E4AD40000FA45F /* LaunchScreen.storyboard in Resources */ = {isa = PBXBuildFile; fileRef = 59D312FD23E4AD40000FA45F /* LaunchScreen.storyboard */; };
		59D3130A23E4AD40000FA45F /* CoffeAnyoneTests.swift in Sources */ = {isa = PBXBuildFile; fileRef = 59D3130923E4AD40000FA45F /* CoffeAnyoneTests.swift */; };
		59D3131523E4AD40000FA45F /* CoffeAnyoneUITests.swift in Sources */ = {isa = PBXBuildFile; fileRef = 59D3131423E4AD40000FA45F /* CoffeAnyoneUITests.swift */; };
/* End PBXBuildFile section */

/* Begin PBXContainerItemProxy section */
		59D3130623E4AD40000FA45F /* PBXContainerItemProxy */ = {
			isa = PBXContainerItemProxy;
			containerPortal = 59D312E723E4AD3F000FA45F /* Project object */;
			proxyType = 1;
			remoteGlobalIDString = 59D312EE23E4AD3F000FA45F;
			remoteInfo = CoffeAnyone;
		};
		59D3131123E4AD40000FA45F /* PBXContainerItemProxy */ = {
			isa = PBXContainerItemProxy;
			containerPortal = 59D312E723E4AD3F000FA45F /* Project object */;
			proxyType = 1;
			remoteGlobalIDString = 59D312EE23E4AD3F000FA45F;
			remoteInfo = CoffeAnyone;
		};
/* End PBXContainerItemProxy section */

/* Begin PBXFileReference section */
		59D312EF23E4AD3F000FA45F /* CoffeAnyone.app */ = {isa = PBXFileReference; explicitFileType = wrapper.application; includeInIndex = 0; path = CoffeAnyone.app; sourceTree = BUILT_PRODUCTS_DIR; };
		59D312F223E4AD3F000FA45F /* AppDelegate.swift */ = {isa = PBXFileReference; lastKnownFileType = sourcecode.swift; path = AppDelegate.swift; sourceTree = "<group>"; };
		59D312F423E4AD3F000FA45F /* SceneDelegate.swift */ = {isa = PBXFileReference; lastKnownFileType = sourcecode.swift; path = SceneDelegate.swift; sourceTree = "<group>"; };
		59D312F623E4AD3F000FA45F /* ContentView.swift */ = {isa = PBXFileReference; indentWidth = 4; lastKnownFileType = sourcecode.swift; path = ContentView.swift; sourceTree = "<group>"; wrapsLines = 0; };
		59D312F823E4AD40000FA45F /* Assets.xcassets */ = {isa = PBXFileReference; lastKnownFileType = folder.assetcatalog; path = Assets.xcassets; sourceTree = "<group>"; };
		59D312FB23E4AD40000FA45F /* Preview Assets.xcassets */ = {isa = PBXFileReference; lastKnownFileType = folder.assetcatalog; path = "Preview Assets.xcassets"; sourceTree = "<group>"; };
		59D312FE23E4AD40000FA45F /* Base */ = {isa = PBXFileReference; lastKnownFileType = file.storyboard; name = Base; path = Base.lproj/LaunchScreen.storyboard; sourceTree = "<group>"; };
		59D3130023E4AD40000FA45F /* Info.plist */ = {isa = PBXFileReference; lastKnownFileType = text.plist.xml; path = Info.plist; sourceTree = "<group>"; };
		59D3130523E4AD40000FA45F /* CoffeAnyoneTests.xctest */ = {isa = PBXFileReference; explicitFileType = wrapper.cfbundle; includeInIndex = 0; path = CoffeAnyoneTests.xctest; sourceTree = BUILT_PRODUCTS_DIR; };
		59D3130923E4AD40000FA45F /* CoffeAnyoneTests.swift */ = {isa = PBXFileReference; lastKnownFileType = sourcecode.swift; path = CoffeAnyoneTests.swift; sourceTree = "<group>"; };
		59D3130B23E4AD40000FA45F /* Info.plist */ = {isa = PBXFileReference; lastKnownFileType = text.plist.xml; path = Info.plist; sourceTree = "<group>"; };
		59D3131023E4AD40000FA45F /* CoffeAnyoneUITests.xctest */ = {isa = PBXFileReference; explicitFileType = wrapper.cfbundle; includeInIndex = 0; path = CoffeAnyoneUITests.xctest; sourceTree = BUILT_PRODUCTS_DIR; };
		59D3131423E4AD40000FA45F /* CoffeAnyoneUITests.swift */ = {isa = PBXFileReference; lastKnownFileType = sourcecode.swift; path = CoffeAnyoneUITests.swift; sourceTree = "<group>"; };
		59D3131623E4AD40000FA45F /* Info.plist */ = {isa = PBXFileReference; lastKnownFileType = text.plist.xml; path = Info.plist; sourceTree = "<group>"; };
/* End PBXFileReference section */

/* Begin PBXFrameworksBuildPhase section */
		59D312EC23E4AD3F000FA45F /* Frameworks */ = {
			isa = PBXFrameworksBuildPhase;
			buildActionMask = 2147483647;
			files = (
			);
			runOnlyForDeploymentPostprocessing = 0;
		};
		59D3130223E4AD40000FA45F /* Frameworks */ = {
			isa = PBXFrameworksBuildPhase;
			buildActionMask = 2147483647;
			files = (
			);
			runOnlyForDeploymentPostprocessing = 0;
		};
		59D3130D23E4AD40000FA45F /* Frameworks */ = {
			isa = PBXFrameworksBuildPhase;
			buildActionMask = 2147483647;
			files = (
			);
			runOnlyForDeploymentPostprocessing = 0;
		};
/* End PBXFrameworksBuildPhase section */

/* Begin PBXGroup section */
		59D312E623E4AD3F000FA45F = {
			isa = PBXGroup;
			children = (
				59D312F123E4AD3F000FA45F /* CoffeAnyone */,
				59D3130823E4AD40000FA45F /* CoffeAnyoneTests */,
				59D3131323E4AD40000FA45F /* CoffeAnyoneUITests */,
				59D312F023E4AD3F000FA45F /* Products */,
			);
			sourceTree = "<group>";
		};
		59D312F023E4AD3F000FA45F /* Products */ = {
			isa = PBXGroup;
			children = (
				59D312EF23E4AD3F000FA45F /* CoffeAnyone.app */,
				59D3130523E4AD40000FA45F /* CoffeAnyoneTests.xctest */,
				59D3131023E4AD40000FA45F /* CoffeAnyoneUITests.xctest */,
			);
			name = Products;
			sourceTree = "<group>";
		};
		59D312F123E4AD3F000FA45F /* CoffeAnyone */ = {
			isa = PBXGroup;
			children = (
				59D312F223E4AD3F000FA45F /* AppDelegate.swift */,
				59D312F423E4AD3F000FA45F /* SceneDelegate.swift */,
				59D312F623E4AD3F000FA45F /* ContentView.swift */,
				59D312F823E4AD40000FA45F /* Assets.xcassets */,
				59D312FD23E4AD40000FA45F /* LaunchScreen.storyboard */,
				59D3130023E4AD40000FA45F /* Info.plist */,
				59D312FA23E4AD40000FA45F /* Preview Content */,
			);
			path = CoffeAnyone;
			sourceTree = "<group>";
		};
		59D312FA23E4AD40000FA45F /* Preview Content */ = {
			isa = PBXGroup;
			children = (
				59D312FB23E4AD40000FA45F /* Preview Assets.xcassets */,
			);
			path = "Preview Content";
			sourceTree = "<group>";
		};
		59D3130823E4AD40000FA45F /* CoffeAnyoneTests */ = {
			isa = PBXGroup;
			children = (
				59D3130923E4AD40000FA45F /* CoffeAnyoneTests.swift */,
				59D3130B23E4AD40000FA45F /* Info.plist */,
			);
			path = CoffeAnyoneTests;
			sourceTree = "<group>";
		};
		59D3131323E4AD40000FA45F /* CoffeAnyoneUITests */ = {
			isa = PBXGroup;
			children = (
				59D3131423E4AD40000FA45F /* CoffeAnyoneUITests.swift */,
				59D3131623E4AD40000FA45F /* Info.plist */,
			);
			path = CoffeAnyoneUITests;
			sourceTree = "<group>";
		};
/* End PBXGroup section */

/* Begin PBXNativeTarget section */
		59D312EE23E4AD3F000FA45F /* CoffeAnyone */ = {
			isa = PBXNativeTarget;
			buildConfigurationList = 59D3131923E4AD40000FA45F /* Build configuration list for PBXNativeTarget "CoffeAnyone" */;
			buildPhases = (
				59D312EB23E4AD3F000FA45F /* Sources */,
				59D312EC23E4AD3F000FA45F /* Frameworks */,
				59D312ED23E4AD3F000FA45F /* Resources */,
			);
			buildRules = (
			);
			dependencies = (
			);
			name = CoffeAnyone;
			productName = CoffeAnyone;
			productReference = 59D312EF23E4AD3F000FA45F /* CoffeAnyone.app */;
			productType = "com.apple.product-type.application";
		};
		59D3130423E4AD40000FA45F /* CoffeAnyoneTests */ = {
			isa = PBXNativeTarget;
			buildConfigurationList = 59D3131C23E4AD40000FA45F /* Build configuration list for PBXNativeTarget "CoffeAnyoneTests" */;
			buildPhases = (
				59D3130123E4AD40000FA45F /* Sources */,
				59D3130223E4AD40000FA45F /* Frameworks */,
				59D3130323E4AD40000FA45F /* Resources */,
			);
			buildRules = (
			);
			dependencies = (
				59D3130723E4AD40000FA45F /* PBXTargetDependency */,
			);
			name = CoffeAnyoneTests;
			productName = CoffeAnyoneTests;
			productReference = 59D3130523E4AD40000FA45F /* CoffeAnyoneTests.xctest */;
			productType = "com.apple.product-type.bundle.unit-test";
		};
		59D3130F23E4AD40000FA45F /* CoffeAnyoneUITests */ = {
			isa = PBXNativeTarget;
			buildConfigurationList = 59D3131F23E4AD40000FA45F /* Build configuration list for PBXNativeTarget "CoffeAnyoneUITests" */;
			buildPhases = (
				59D3130C23E4AD40000FA45F /* Sources */,
				59D3130D23E4AD40000FA45F /* Frameworks */,
				59D3130E23E4AD40000FA45F /* Resources */,
			);
			buildRules = (
			);
			dependencies = (
				59D3131223E4AD40000FA45F /* PBXTargetDependency */,
			);
			name = CoffeAnyoneUITests;
			productName = CoffeAnyoneUITests;
			productReference = 59D3131023E4AD40000FA45F /* CoffeAnyoneUITests.xctest */;
			productType = "com.apple.product-type.bundle.ui-testing";
		};
/* End PBXNativeTarget section */

/* Begin PBXProject section */
		59D312E723E4AD3F000FA45F /* Project object */ = {
			isa = PBXProject;
			attributes = {
				LastSwiftUpdateCheck = 1130;
				LastUpgradeCheck = 1130;
				ORGANIZATIONNAME = "Eric Armstrong";
				TargetAttributes = {
					59D312EE23E4AD3F000FA45F = {
						CreatedOnToolsVersion = 11.3.1;
					};
					59D3130423E4AD40000FA45F = {
						CreatedOnToolsVersion = 11.3.1;
						TestTargetID = 59D312EE23E4AD3F000FA45F;
					};
					59D3130F23E4AD40000FA45F = {
						CreatedOnToolsVersion = 11.3.1;
						TestTargetID = 59D312EE23E4AD3F000FA45F;
					};
				};
			};
			buildConfigurationList = 59D312EA23E4AD3F000FA45F /* Build configuration list for PBXProject "CoffeAnyone" */;
			compatibilityVersion = "Xcode 9.3";
			developmentRegion = en;
			hasScannedForEncodings = 0;
			knownRegions = (
				en,
				Base,
			);
			mainGroup = 59D312E623E4AD3F000FA45F;
			productRefGroup = 59D312F023E4AD3F000FA45F /* Products */;
			projectDirPath = "";
			projectRoot = "";
			targets = (
				59D312EE23E4AD3F000FA45F /* CoffeAnyone */,
				59D3130423E4AD40000FA45F /* CoffeAnyoneTests */,
				59D3130F23E4AD40000FA45F /* CoffeAnyoneUITests */,
			);
		};
/* End PBXProject section */

/* Begin PBXResourcesBuildPhase section */
		59D312ED23E4AD3F000FA45F /* Resources */ = {
			isa = PBXResourcesBuildPhase;
			buildActionMask = 2147483647;
			files = (
				59D312FF23E4AD40000FA45F /* LaunchScreen.storyboard in Resources */,
				59D312FC23E4AD40000FA45F /* Preview Assets.xcassets in Resources */,
				59D312F923E4AD40000FA45F /* Assets.xcassets in Resources */,
			);
			runOnlyForDeploymentPostprocessing = 0;
		};
		59D3130323E4AD40000FA45F /* Resources */ = {
			isa = PBXResourcesBuildPhase;
			buildActionMask = 2147483647;
			files = (
			);
			runOnlyForDeploymentPostprocessing = 0;
		};
		59D3130E23E4AD40000FA45F /* Resources */ = {
			isa = PBXResourcesBuildPhase;
			buildActionMask = 2147483647;
			files = (
			);
			runOnlyForDeploymentPostprocessing = 0;
		};
/* End PBXResourcesBuildPhase section */

/* Begin PBXSourcesBuildPhase section */
		59D312EB23E4AD3F000FA45F /* Sources */ = {
			isa = PBXSourcesBuildPhase;
			buildActionMask = 2147483647;
			files = (
				59D312F323E4AD3F000FA45F /* AppDelegate.swift in Sources */,
				59D312F523E4AD3F000FA45F /* SceneDelegate.swift in Sources */,
				59D312F723E4AD3F000FA45F /* ContentView.swift in Sources */,
			);
			runOnlyForDeploymentPostprocessing = 0;
		};
		59D3130123E4AD40000FA45F /* Sources */ = {
			isa = PBXSourcesBuildPhase;
			buildActionMask = 2147483647;
			files = (
				59D3130A23E4AD40000FA45F /* CoffeAnyoneTests.swift in Sources */,
			);
			runOnlyForDeploymentPostprocessing = 0;
		};
		59D3130C23E4AD40000FA45F /* Sources */ = {
			isa = PBXSourcesBuildPhase;
			buildActionMask = 2147483647;
			files = (
				59D3131523E4AD40000FA45F /* CoffeAnyoneUITests.swift in Sources */,
			);
			runOnlyForDeploymentPostprocessing = 0;
		};
/* End PBXSourcesBuildPhase section */

/* Begin PBXTargetDependency section */
		59D3130723E4AD40000FA45F /* PBXTargetDependency */ = {
			isa = PBXTargetDependency;
			target = 59D312EE23E4AD3F000FA45F /* CoffeAnyone */;
			targetProxy = 59D3130623E4AD40000FA45F /* PBXContainerItemProxy */;
		};
		59D3131223E4AD40000FA45F /* PBXTargetDependency */ = {
			isa = PBXTargetDependency;
			target = 59D312EE23E4AD3F000FA45F /* CoffeAnyone */;
			targetProxy = 59D3131123E4AD40000FA45F /* PBXContainerItemProxy */;
		};
/* End PBXTargetDependency section */

/* Begin PBXVariantGroup section */
		59D312FD23E4AD40000FA45F /* LaunchScreen.storyboard */ = {
			isa = PBXVariantGroup;
			children = (
				59D312FE23E4AD40000FA45F /* Base */,
			);
			name = LaunchScreen.storyboard;
			sourceTree = "<group>";
		};
/* End PBXVariantGroup section */

/* Begin XCBuildConfiguration section */
		59D3131723E4AD40000FA45F /* Debug */ = {
			isa = XCBuildConfiguration;
			buildSettings = {
				ALWAYS_SEARCH_USER_PATHS = NO;
				CLANG_ANALYZER_NONNULL = YES;
				CLANG_ANALYZER_NUMBER_OBJECT_CONVERSION = YES_AGGRESSIVE;
				CLANG_CXX_LANGUAGE_STANDARD = "gnu++14";
				CLANG_CXX_LIBRARY = "libc++";
				CLANG_ENABLE_MODULES = YES;
				CLANG_ENABLE_OBJC_ARC = YES;
				CLANG_ENABLE_OBJC_WEAK = YES;
				CLANG_WARN_BLOCK_CAPTURE_AUTORELEASING = YES;
				CLANG_WARN_BOOL_CONVERSION = YES;
				CLANG_WARN_COMMA = YES;
				CLANG_WARN_CONSTANT_CONVERSION = YES;
				CLANG_WARN_DEPRECATED_OBJC_IMPLEMENTATIONS = YES;
				CLANG_WARN_DIRECT_OBJC_ISA_USAGE = YES_ERROR;
				CLANG_WARN_DOCUMENTATION_COMMENTS = YES;
				CLANG_WARN_EMPTY_BODY = YES;
				CLANG_WARN_ENUM_CONVERSION = YES;
				CLANG_WARN_INFINITE_RECURSION = YES;
				CLANG_WARN_INT_CONVERSION = YES;
				CLANG_WARN_NON_LITERAL_NULL_CONVERSION = YES;
				CLANG_WARN_OBJC_IMPLICIT_RETAIN_SELF = YES;
				CLANG_WARN_OBJC_LITERAL_CONVERSION = YES;
				CLANG_WARN_OBJC_ROOT_CLASS = YES_ERROR;
				CLANG_WARN_RANGE_LOOP_ANALYSIS = YES;
				CLANG_WARN_STRICT_PROTOTYPES = YES;
				CLANG_WARN_SUSPICIOUS_MOVE = YES;
				CLANG_WARN_UNGUARDED_AVAILABILITY = YES_AGGRESSIVE;
				CLANG_WARN_UNREACHABLE_CODE = YES;
				CLANG_WARN__DUPLICATE_METHOD_MATCH = YES;
				COPY_PHASE_STRIP = NO;
				DEBUG_INFORMATION_FORMAT = dwarf;
				ENABLE_STRICT_OBJC_MSGSEND = YES;
				ENABLE_TESTABILITY = YES;
				GCC_C_LANGUAGE_STANDARD = gnu11;
				GCC_DYNAMIC_NO_PIC = NO;
				GCC_NO_COMMON_BLOCKS = YES;
				GCC_OPTIMIZATION_LEVEL = 0;
				GCC_PREPROCESSOR_DEFINITIONS = (
					"DEBUG=1",
					"$(inherited)",
				);
				GCC_WARN_64_TO_32_BIT_CONVERSION = YES;
				GCC_WARN_ABOUT_RETURN_TYPE = YES_ERROR;
				GCC_WARN_UNDECLARED_SELECTOR = YES;
				GCC_WARN_UNINITIALIZED_AUTOS = YES_AGGRESSIVE;
				GCC_WARN_UNUSED_FUNCTION = YES;
				GCC_WARN_UNUSED_VARIABLE = YES;
				IPHONEOS_DEPLOYMENT_TARGET = 13.2;
				MTL_ENABLE_DEBUG_INFO = INCLUDE_SOURCE;
				MTL_FAST_MATH = YES;
				ONLY_ACTIVE_ARCH = YES;
				SDKROOT = iphoneos;
				SWIFT_ACTIVE_COMPILATION_CONDITIONS = DEBUG;
				SWIFT_OPTIMIZATION_LEVEL = "-Onone";
			};
			name = Debug;
		};
		59D3131823E4AD40000FA45F /* Release */ = {
			isa = XCBuildConfiguration;
			buildSettings = {
				ALWAYS_SEARCH_USER_PATHS = NO;
				CLANG_ANALYZER_NONNULL = YES;
				CLANG_ANALYZER_NUMBER_OBJECT_CONVERSION = YES_AGGRESSIVE;
				CLANG_CXX_LANGUAGE_STANDARD = "gnu++14";
				CLANG_CXX_LIBRARY = "libc++";
				CLANG_ENABLE_MODULES = YES;
				CLANG_ENABLE_OBJC_ARC = YES;
				CLANG_ENABLE_OBJC_WEAK = YES;
				CLANG_WARN_BLOCK_CAPTURE_AUTORELEASING = YES;
				CLANG_WARN_BOOL_CONVERSION = YES;
				CLANG_WARN_COMMA = YES;
				CLANG_WARN_CONSTANT_CONVERSION = YES;
				CLANG_WARN_DEPRECATED_OBJC_IMPLEMENTATIONS = YES;
				CLANG_WARN_DIRECT_OBJC_ISA_USAGE = YES_ERROR;
				CLANG_WARN_DOCUMENTATION_COMMENTS = YES;
				CLANG_WARN_EMPTY_BODY = YES;
				CLANG_WARN_ENUM_CONVERSION = YES;
				CLANG_WARN_INFINITE_RECURSION = YES;
				CLANG_WARN_INT_CONVERSION = YES;
				CLANG_WARN_NON_LITERAL_NULL_CONVERSION = YES;
				CLANG_WARN_OBJC_IMPLICIT_RETAIN_SELF = YES;
				CLANG_WARN_OBJC_LITERAL_CONVERSION = YES;
				CLANG_WARN_OBJC_ROOT_CLASS = YES_ERROR;
				CLANG_WARN_RANGE_LOOP_ANALYSIS = YES;
				CLANG_WARN_STRICT_PROTOTYPES = YES;
				CLANG_WARN_SUSPICIOUS_MOVE = YES;
				CLANG_WARN_UNGUARDED_AVAILABILITY = YES_AGGRESSIVE;
				CLANG_WARN_UNREACHABLE_CODE = YES;
				CLANG_WARN__DUPLICATE_METHOD_MATCH = YES;
				COPY_PHASE_STRIP = NO;
				DEBUG_INFORMATION_FORMAT = "dwarf-with-dsym";
				ENABLE_NS_ASSERTIONS = NO;
				ENABLE_STRICT_OBJC_MSGSEND = YES;
				GCC_C_LANGUAGE_STANDARD = gnu11;
				GCC_NO_COMMON_BLOCKS = YES;
				GCC_WARN_64_TO_32_BIT_CONVERSION = YES;
				GCC_WARN_ABOUT_RETURN_TYPE = YES_ERROR;
				GCC_WARN_UNDECLARED_SELECTOR = YES;
				GCC_WARN_UNINITIALIZED_AUTOS = YES_AGGRESSIVE;
				GCC_WARN_UNUSED_FUNCTION = YES;
				GCC_WARN_UNUSED_VARIABLE = YES;
				IPHONEOS_DEPLOYMENT_TARGET = 13.2;
				MTL_ENABLE_DEBUG_INFO = NO;
				MTL_FAST_MATH = YES;
				SDKROOT = iphoneos;
				SWIFT_COMPILATION_MODE = wholemodule;
				SWIFT_OPTIMIZATION_LEVEL = "-O";
				VALIDATE_PRODUCT = YES;
			};
			name = Release;
		};
		59D3131A23E4AD40000FA45F /* Debug */ = {
			isa = XCBuildConfiguration;
			buildSettings = {
				ASSETCATALOG_COMPILER_APPICON_NAME = AppIcon;
				CODE_SIGN_STYLE = Automatic;
				DEVELOPMENT_ASSET_PATHS = "\"CoffeAnyone/Preview Content\"";
				ENABLE_PREVIEWS = YES;
				INFOPLIST_FILE = CoffeAnyone/Info.plist;
				LD_RUNPATH_SEARCH_PATHS = (
					"$(inherited)",
					"@executable_path/Frameworks",
				);
				PRODUCT_BUNDLE_IDENTIFIER = ericinglorious.CoffeAnyone;
				PRODUCT_NAME = "$(TARGET_NAME)";
				SWIFT_VERSION = 5.0;
				TARGETED_DEVICE_FAMILY = "1,2";
			};
			name = Debug;
		};
		59D3131B23E4AD40000FA45F /* Release */ = {
			isa = XCBuildConfiguration;
			buildSettings = {
				ASSETCATALOG_COMPILER_APPICON_NAME = AppIcon;
				CODE_SIGN_STYLE = Automatic;
				DEVELOPMENT_ASSET_PATHS = "\"CoffeAnyone/Preview Content\"";
				ENABLE_PREVIEWS = YES;
				INFOPLIST_FILE = CoffeAnyone/Info.plist;
				LD_RUNPATH_SEARCH_PATHS = (
					"$(inherited)",
					"@executable_path/Frameworks",
				);
				PRODUCT_BUNDLE_IDENTIFIER = ericinglorious.CoffeAnyone;
				PRODUCT_NAME = "$(TARGET_NAME)";
				SWIFT_VERSION = 5.0;
				TARGETED_DEVICE_FAMILY = "1,2";
			};
			name = Release;
		};
		59D3131D23E4AD40000FA45F /* Debug */ = {
			isa = XCBuildConfiguration;
			buildSettings = {
				ALWAYS_EMBED_SWIFT_STANDARD_LIBRARIES = YES;
				BUNDLE_LOADER = "$(TEST_HOST)";
				CODE_SIGN_STYLE = Automatic;
				INFOPLIST_FILE = CoffeAnyoneTests/Info.plist;
				IPHONEOS_DEPLOYMENT_TARGET = 13.2;
				LD_RUNPATH_SEARCH_PATHS = (
					"$(inherited)",
					"@executable_path/Frameworks",
					"@loader_path/Frameworks",
				);
				PRODUCT_BUNDLE_IDENTIFIER = ericinglorious.CoffeAnyoneTests;
				PRODUCT_NAME = "$(TARGET_NAME)";
				SWIFT_VERSION = 5.0;
				TARGETED_DEVICE_FAMILY = "1,2";
				TEST_HOST = "$(BUILT_PRODUCTS_DIR)/CoffeAnyone.app/CoffeAnyone";
			};
			name = Debug;
		};
		59D3131E23E4AD40000FA45F /* Release */ = {
			isa = XCBuildConfiguration;
			buildSettings = {
				ALWAYS_EMBED_SWIFT_STANDARD_LIBRARIES = YES;
				BUNDLE_LOADER = "$(TEST_HOST)";
				CODE_SIGN_STYLE = Automatic;
				INFOPLIST_FILE = CoffeAnyoneTests/Info.plist;
				IPHONEOS_DEPLOYMENT_TARGET = 13.2;
				LD_RUNPATH_SEARCH_PATHS = (
					"$(inherited)",
					"@executable_path/Frameworks",
					"@loader_path/Frameworks",
				);
				PRODUCT_BUNDLE_IDENTIFIER = ericinglorious.CoffeAnyoneTests;
				PRODUCT_NAME = "$(TARGET_NAME)";
				SWIFT_VERSION = 5.0;
				TARGETED_DEVICE_FAMILY = "1,2";
				TEST_HOST = "$(BUILT_PRODUCTS_DIR)/CoffeAnyone.app/CoffeAnyone";
			};
			name = Release;
		};
		59D3132023E4AD40000FA45F /* Debug */ = {
			isa = XCBuildConfiguration;
			buildSettings = {
				ALWAYS_EMBED_SWIFT_STANDARD_LIBRARIES = YES;
				CODE_SIGN_STYLE = Automatic;
				INFOPLIST_FILE = CoffeAnyoneUITests/Info.plist;
				LD_RUNPATH_SEARCH_PATHS = (
					"$(inherited)",
					"@executable_path/Frameworks",
					"@loader_path/Frameworks",
				);
				PRODUCT_BUNDLE_IDENTIFIER = ericinglorious.CoffeAnyoneUITests;
				PRODUCT_NAME = "$(TARGET_NAME)";
				SWIFT_VERSION = 5.0;
				TARGETED_DEVICE_FAMILY = "1,2";
				TEST_TARGET_NAME = CoffeAnyone;
			};
			name = Debug;
		};
		59D3132123E4AD40000FA45F /* Release */ = {
			isa = XCBuildConfiguration;
			buildSettings = {
				ALWAYS_EMBED_SWIFT_STANDARD_LIBRARIES = YES;
				CODE_SIGN_STYLE = Automatic;
				INFOPLIST_FILE = CoffeAnyoneUITests/Info.plist;
				LD_RUNPATH_SEARCH_PATHS = (
					"$(inherited)",
					"@executable_path/Frameworks",
					"@loader_path/Frameworks",
				);
				PRODUCT_BUNDLE_IDENTIFIER = ericinglorious.CoffeAnyoneUITests;
				PRODUCT_NAME = "$(TARGET_NAME)";
				SWIFT_VERSION = 5.0;
				TARGETED_DEVICE_FAMILY = "1,2";
				TEST_TARGET_NAME = CoffeAnyone;
			};
			name = Release;
		};
/* End XCBuildConfiguration section */

/* Begin XCConfigurationList section */
		59D312EA23E4AD3F000FA45F /* Build configuration list for PBXProject "CoffeAnyone" */ = {
			isa = XCConfigurationList;
			buildConfigurations = (
				59D3131723E4AD40000FA45F /* Debug */,
				59D3131823E4AD40000FA45F /* Release */,
			);
			defaultConfigurationIsVisible = 0;
			defaultConfigurationName = Release;
		};
		59D3131923E4AD40000FA45F /* Build configuration list for PBXNativeTarget "CoffeAnyone" */ = {
			isa = XCConfigurationList;
			buildConfigurations = (
				59D3131A23E4AD40000FA45F /* Debug */,
				59D3131B23E4AD40000FA45F /* Release */,
			);
			defaultConfigurationIsVisible = 0;
			defaultConfigurationName = Release;
		};
		59D3131C23E4AD40000FA45F /* Build configuration list for PBXNativeTarget "CoffeAnyoneTests" */ = {
			isa = XCConfigurationList;
			buildConfigurations = (
				59D3131D23E4AD40000FA45F /* Debug */,
				59D3131E23E4AD40000FA45F /* Release */,
			);
			defaultConfigurationIsVisible = 0;
			defaultConfigurationName = Release;
		};
		59D3131F23E4AD40000FA45F /* Build configuration list for PBXNativeTarget "CoffeAnyoneUITests" */ = {
			isa = XCConfigurationList;
			buildConfigurations = (
				59D3132023E4AD40000FA45F /* Debug */,
				59D3132123E4AD40000FA45F /* Release */,
			);
			defaultConfigurationIsVisible = 0;
			defaultConfigurationName = Release;
		};
/* End XCConfigurationList section */
	};
	rootObject = 59D312E723E4AD3F000FA45F /* Project object */;
}
